// !$*UTF8*$!
{
	archiveVersion = 1;
	classes = {
	};
	objectVersion = 51;
	objects = {

/* Begin PBXBuildFile section */
		2200348A27619D0800F2A859 /* GraphModel.swift in Sources */ = {isa = PBXBuildFile; fileRef = 2200348127619D0700F2A859 /* GraphModel.swift */; };
		2200348B27619D0800F2A859 /* LoginModel.swift in Sources */ = {isa = PBXBuildFile; fileRef = 2200348227619D0700F2A859 /* LoginModel.swift */; };
		2200348C27619D0800F2A859 /* NotificationModel.swift in Sources */ = {isa = PBXBuildFile; fileRef = 2200348327619D0700F2A859 /* NotificationModel.swift */; };
		2200348D27619D0800F2A859 /* ChangeCommaModel.swift in Sources */ = {isa = PBXBuildFile; fileRef = 2200348427619D0700F2A859 /* ChangeCommaModel.swift */; };
		2200348E27619D0800F2A859 /* AlertModel.swift in Sources */ = {isa = PBXBuildFile; fileRef = 2200348527619D0700F2A859 /* AlertModel.swift */; };
		2200348F27619D0800F2A859 /* SceneDelegate.swift in Sources */ = {isa = PBXBuildFile; fileRef = 2200348627619D0700F2A859 /* SceneDelegate.swift */; };
		2200349027619D0800F2A859 /* ButtonAnimatedModel.swift in Sources */ = {isa = PBXBuildFile; fileRef = 2200348727619D0800F2A859 /* ButtonAnimatedModel.swift */; };
		2200349127619D0800F2A859 /* DateModel.swift in Sources */ = {isa = PBXBuildFile; fileRef = 2200348827619D0800F2A859 /* DateModel.swift */; };
		2200349227619D0800F2A859 /* AppDelegate.swift in Sources */ = {isa = PBXBuildFile; fileRef = 2200348927619D0800F2A859 /* AppDelegate.swift */; };
		2200349627619D1A00F2A859 /* LoadDBModel.swift in Sources */ = {isa = PBXBuildFile; fileRef = 2200349327619D1A00F2A859 /* LoadDBModel.swift */; };
		2200349727619D1A00F2A859 /* EditDBModel.swift in Sources */ = {isa = PBXBuildFile; fileRef = 2200349427619D1A00F2A859 /* EditDBModel.swift */; };
		2200349827619D1A00F2A859 /* SendDBModel.swift in Sources */ = {isa = PBXBuildFile; fileRef = 2200349527619D1A00F2A859 /* SendDBModel.swift */; };
		220034A027619D2900F2A859 /* GroupSets.swift in Sources */ = {isa = PBXBuildFile; fileRef = 2200349927619D2900F2A859 /* GroupSets.swift */; };
		220034A127619D2900F2A859 /* UserSearchSets.swift in Sources */ = {isa = PBXBuildFile; fileRef = 2200349A27619D2900F2A859 /* UserSearchSets.swift */; };
		220034A227619D2900F2A859 /* NotificationSets.swift in Sources */ = {isa = PBXBuildFile; fileRef = 2200349B27619D2900F2A859 /* NotificationSets.swift */; };
		220034A327619D2900F2A859 /* SettlementSets.swift in Sources */ = {isa = PBXBuildFile; fileRef = 2200349C27619D2900F2A859 /* SettlementSets.swift */; };
		220034A427619D2900F2A859 /* MonthMyDetailsSets.swift in Sources */ = {isa = PBXBuildFile; fileRef = 2200349D27619D2900F2A859 /* MonthMyDetailsSets.swift */; };
		220034A527619D2900F2A859 /* MonthGroupDetailsSets.swift in Sources */ = {isa = PBXBuildFile; fileRef = 2200349E27619D2900F2A859 /* MonthGroupDetailsSets.swift */; };
		220034A627619D2900F2A859 /* UserSets.swift in Sources */ = {isa = PBXBuildFile; fileRef = 2200349F27619D2900F2A859 /* UserSets.swift */; };
		220034AF27619D3D00F2A859 /* ProfileConfigurationCell.xib in Resources */ = {isa = PBXBuildFile; fileRef = 220034A727619D3C00F2A859 /* ProfileConfigurationCell.xib */; };
		220034B027619D3D00F2A859 /* CollectionViewCell.xib in Resources */ = {isa = PBXBuildFile; fileRef = 220034A827619D3C00F2A859 /* CollectionViewCell.xib */; };
		220034B127619D3D00F2A859 /* CollectionViewCell.swift in Sources */ = {isa = PBXBuildFile; fileRef = 220034A927619D3C00F2A859 /* CollectionViewCell.swift */; };
		220034B227619D3D00F2A859 /* ProfileConfigurationCell.swift in Sources */ = {isa = PBXBuildFile; fileRef = 220034AA27619D3C00F2A859 /* ProfileConfigurationCell.swift */; };
		220034B327619D3D00F2A859 /* LaunchScreen.storyboard in Resources */ = {isa = PBXBuildFile; fileRef = 220034AB27619D3D00F2A859 /* LaunchScreen.storyboard */; };
		220034B427619D3D00F2A859 /* Main.storyboard in Resources */ = {isa = PBXBuildFile; fileRef = 220034AC27619D3D00F2A859 /* Main.storyboard */; };
		220034B527619D3D00F2A859 /* DetailCell.xib in Resources */ = {isa = PBXBuildFile; fileRef = 220034AD27619D3D00F2A859 /* DetailCell.xib */; };
		220034B627619D3D00F2A859 /* DetailCell.swift in Sources */ = {isa = PBXBuildFile; fileRef = 220034AE27619D3D00F2A859 /* DetailCell.swift */; };
		220034B927619D4C00F2A859 /* LoginViewController.swift in Sources */ = {isa = PBXBuildFile; fileRef = 220034B727619D4C00F2A859 /* LoginViewController.swift */; };
		220034BA27619D4C00F2A859 /* RegisterViewController.swift in Sources */ = {isa = PBXBuildFile; fileRef = 220034B827619D4C00F2A859 /* RegisterViewController.swift */; };
		220034C227619D5E00F2A859 /* ProfileDetailViewController.swift in Sources */ = {isa = PBXBuildFile; fileRef = 220034BB27619D5D00F2A859 /* ProfileDetailViewController.swift */; };
		220034C327619D5E00F2A859 /* NotificationViewController.swift in Sources */ = {isa = PBXBuildFile; fileRef = 220034BC27619D5D00F2A859 /* NotificationViewController.swift */; };
		220034C427619D5E00F2A859 /* NewGroupViewController.swift in Sources */ = {isa = PBXBuildFile; fileRef = 220034BD27619D5D00F2A859 /* NewGroupViewController.swift */; };
		220034C527619D5E00F2A859 /* ProfileViewController.swift in Sources */ = {isa = PBXBuildFile; fileRef = 220034BE27619D5D00F2A859 /* ProfileViewController.swift */; };
		220034C627619D5E00F2A859 /* CreateGroupViewController.swift in Sources */ = {isa = PBXBuildFile; fileRef = 220034BF27619D5D00F2A859 /* CreateGroupViewController.swift */; };
		220034C727619D5E00F2A859 /* SearchViewController.swift in Sources */ = {isa = PBXBuildFile; fileRef = 220034C027619D5E00F2A859 /* SearchViewController.swift */; };
		220034C827619D5E00F2A859 /* ProfileConfigurationViewController.swift in Sources */ = {isa = PBXBuildFile; fileRef = 220034C127619D5E00F2A859 /* ProfileConfigurationViewController.swift */; };
		220034D427619D7500F2A859 /* GroupConfigurationViewController.swift in Sources */ = {isa = PBXBuildFile; fileRef = 220034C927619D7400F2A859 /* GroupConfigurationViewController.swift */; };
		220034D527619D7500F2A859 /* GroupMemberViewController.swift in Sources */ = {isa = PBXBuildFile; fileRef = 220034CA27619D7400F2A859 /* GroupMemberViewController.swift */; };
		220034D627619D7500F2A859 /* AdditionViewController.swift in Sources */ = {isa = PBXBuildFile; fileRef = 220034CB27619D7400F2A859 /* AdditionViewController.swift */; };
		220034D727619D7500F2A859 /* DetailLastMonthViewController.swift in Sources */ = {isa = PBXBuildFile; fileRef = 220034CC27619D7400F2A859 /* DetailLastMonthViewController.swift */; };
		220034D827619D7500F2A859 /* GroupDetailViewController.swift in Sources */ = {isa = PBXBuildFile; fileRef = 220034CD27619D7400F2A859 /* GroupDetailViewController.swift */; };
		220034D927619D7500F2A859 /* SettlementViewController.swift in Sources */ = {isa = PBXBuildFile; fileRef = 220034CE27619D7400F2A859 /* SettlementViewController.swift */; };
		220034DA27619D7500F2A859 /* LastMonthDataViewController.swift in Sources */ = {isa = PBXBuildFile; fileRef = 220034CF27619D7400F2A859 /* LastMonthDataViewController.swift */; };
		220034DB27619D7500F2A859 /* MonthDataViewController.swift in Sources */ = {isa = PBXBuildFile; fileRef = 220034D027619D7500F2A859 /* MonthDataViewController.swift */; };
		220034DC27619D7500F2A859 /* PaymentViewController.swift in Sources */ = {isa = PBXBuildFile; fileRef = 220034D127619D7500F2A859 /* PaymentViewController.swift */; };
		220034DD27619D7500F2A859 /* DetailThisMonthViewController.swift in Sources */ = {isa = PBXBuildFile; fileRef = 220034D227619D7500F2A859 /* DetailThisMonthViewController.swift */; };
		220034DE27619D7500F2A859 /* MonthlyDataViewController.swift in Sources */ = {isa = PBXBuildFile; fileRef = 220034D327619D7500F2A859 /* MonthlyDataViewController.swift */; };
		220034E327619D8300F2A859 /* FoodViewController.swift in Sources */ = {isa = PBXBuildFile; fileRef = 220034DF27619D8300F2A859 /* FoodViewController.swift */; };
		220034E427619D8300F2A859 /* UtilityViewController.swift in Sources */ = {isa = PBXBuildFile; fileRef = 220034E027619D8300F2A859 /* UtilityViewController.swift */; };
		220034E527619D8300F2A859 /* OverAllViewController.swift in Sources */ = {isa = PBXBuildFile; fileRef = 220034E127619D8300F2A859 /* OverAllViewController.swift */; };
		220034E627619D8300F2A859 /* OthersViewController.swift in Sources */ = {isa = PBXBuildFile; fileRef = 220034E227619D8300F2A859 /* OthersViewController.swift */; };
		220034EB27619D9000F2A859 /* DetailMyselfViewController.swift in Sources */ = {isa = PBXBuildFile; fileRef = 220034E727619D9000F2A859 /* DetailMyselfViewController.swift */; };
		220034EC27619D9000F2A859 /* DetailMyselfLastMonthViewController.swift in Sources */ = {isa = PBXBuildFile; fileRef = 220034E827619D9000F2A859 /* DetailMyselfLastMonthViewController.swift */; };
		220034ED27619D9000F2A859 /* DetailAllLastMonthViewController.swift in Sources */ = {isa = PBXBuildFile; fileRef = 220034E927619D9000F2A859 /* DetailAllLastMonthViewController.swift */; };
		220034EE27619D9000F2A859 /* DetailAllViewController.swift in Sources */ = {isa = PBXBuildFile; fileRef = 220034EA27619D9000F2A859 /* DetailAllViewController.swift */; };
		225E642E2738165E0040FB1A /* Assets.xcassets in Resources */ = {isa = PBXBuildFile; fileRef = 225E642D2738165E0040FB1A /* Assets.xcassets */; };
		225E643A273818630040FB1A /* GoogleService-Info.plist in Resources */ = {isa = PBXBuildFile; fileRef = 225E6439273818630040FB1A /* GoogleService-Info.plist */; };
		4B84650965713B51B234DA29 /* Pods_ShareKakeibo.framework in Frameworks */ = {isa = PBXBuildFile; fileRef = 37055A8E67BDC2AF04432771 /* Pods_ShareKakeibo.framework */; };
/* End PBXBuildFile section */

/* Begin PBXFileReference section */
		2200348127619D0700F2A859 /* GraphModel.swift */ = {isa = PBXFileReference; fileEncoding = 4; lastKnownFileType = sourcecode.swift; path = GraphModel.swift; sourceTree = "<group>"; };
		2200348227619D0700F2A859 /* LoginModel.swift */ = {isa = PBXFileReference; fileEncoding = 4; lastKnownFileType = sourcecode.swift; path = LoginModel.swift; sourceTree = "<group>"; };
		2200348327619D0700F2A859 /* NotificationModel.swift */ = {isa = PBXFileReference; fileEncoding = 4; lastKnownFileType = sourcecode.swift; path = NotificationModel.swift; sourceTree = "<group>"; };
		2200348427619D0700F2A859 /* ChangeCommaModel.swift */ = {isa = PBXFileReference; fileEncoding = 4; lastKnownFileType = sourcecode.swift; path = ChangeCommaModel.swift; sourceTree = "<group>"; };
		2200348527619D0700F2A859 /* AlertModel.swift */ = {isa = PBXFileReference; fileEncoding = 4; lastKnownFileType = sourcecode.swift; path = AlertModel.swift; sourceTree = "<group>"; };
		2200348627619D0700F2A859 /* SceneDelegate.swift */ = {isa = PBXFileReference; fileEncoding = 4; lastKnownFileType = sourcecode.swift; path = SceneDelegate.swift; sourceTree = "<group>"; };
		2200348727619D0800F2A859 /* ButtonAnimatedModel.swift */ = {isa = PBXFileReference; fileEncoding = 4; lastKnownFileType = sourcecode.swift; path = ButtonAnimatedModel.swift; sourceTree = "<group>"; };
		2200348827619D0800F2A859 /* DateModel.swift */ = {isa = PBXFileReference; fileEncoding = 4; lastKnownFileType = sourcecode.swift; path = DateModel.swift; sourceTree = "<group>"; };
		2200348927619D0800F2A859 /* AppDelegate.swift */ = {isa = PBXFileReference; fileEncoding = 4; lastKnownFileType = sourcecode.swift; path = AppDelegate.swift; sourceTree = "<group>"; };
		2200349327619D1A00F2A859 /* LoadDBModel.swift */ = {isa = PBXFileReference; fileEncoding = 4; lastKnownFileType = sourcecode.swift; path = LoadDBModel.swift; sourceTree = "<group>"; };
		2200349427619D1A00F2A859 /* EditDBModel.swift */ = {isa = PBXFileReference; fileEncoding = 4; lastKnownFileType = sourcecode.swift; path = EditDBModel.swift; sourceTree = "<group>"; };
		2200349527619D1A00F2A859 /* SendDBModel.swift */ = {isa = PBXFileReference; fileEncoding = 4; lastKnownFileType = sourcecode.swift; path = SendDBModel.swift; sourceTree = "<group>"; };
		2200349927619D2900F2A859 /* GroupSets.swift */ = {isa = PBXFileReference; fileEncoding = 4; lastKnownFileType = sourcecode.swift; path = GroupSets.swift; sourceTree = "<group>"; };
		2200349A27619D2900F2A859 /* UserSearchSets.swift */ = {isa = PBXFileReference; fileEncoding = 4; lastKnownFileType = sourcecode.swift; path = UserSearchSets.swift; sourceTree = "<group>"; };
		2200349B27619D2900F2A859 /* NotificationSets.swift */ = {isa = PBXFileReference; fileEncoding = 4; lastKnownFileType = sourcecode.swift; path = NotificationSets.swift; sourceTree = "<group>"; };
		2200349C27619D2900F2A859 /* SettlementSets.swift */ = {isa = PBXFileReference; fileEncoding = 4; lastKnownFileType = sourcecode.swift; path = SettlementSets.swift; sourceTree = "<group>"; };
		2200349D27619D2900F2A859 /* MonthMyDetailsSets.swift */ = {isa = PBXFileReference; fileEncoding = 4; lastKnownFileType = sourcecode.swift; path = MonthMyDetailsSets.swift; sourceTree = "<group>"; };
		2200349E27619D2900F2A859 /* MonthGroupDetailsSets.swift */ = {isa = PBXFileReference; fileEncoding = 4; lastKnownFileType = sourcecode.swift; path = MonthGroupDetailsSets.swift; sourceTree = "<group>"; };
		2200349F27619D2900F2A859 /* UserSets.swift */ = {isa = PBXFileReference; fileEncoding = 4; lastKnownFileType = sourcecode.swift; path = UserSets.swift; sourceTree = "<group>"; };
		220034A727619D3C00F2A859 /* ProfileConfigurationCell.xib */ = {isa = PBXFileReference; fileEncoding = 4; lastKnownFileType = file.xib; path = ProfileConfigurationCell.xib; sourceTree = "<group>"; };
		220034A827619D3C00F2A859 /* CollectionViewCell.xib */ = {isa = PBXFileReference; fileEncoding = 4; lastKnownFileType = file.xib; path = CollectionViewCell.xib; sourceTree = "<group>"; };
		220034A927619D3C00F2A859 /* CollectionViewCell.swift */ = {isa = PBXFileReference; fileEncoding = 4; lastKnownFileType = sourcecode.swift; path = CollectionViewCell.swift; sourceTree = "<group>"; };
		220034AA27619D3C00F2A859 /* ProfileConfigurationCell.swift */ = {isa = PBXFileReference; fileEncoding = 4; lastKnownFileType = sourcecode.swift; path = ProfileConfigurationCell.swift; sourceTree = "<group>"; };
		220034AB27619D3D00F2A859 /* LaunchScreen.storyboard */ = {isa = PBXFileReference; fileEncoding = 4; lastKnownFileType = file.storyboard; path = LaunchScreen.storyboard; sourceTree = "<group>"; };
		220034AC27619D3D00F2A859 /* Main.storyboard */ = {isa = PBXFileReference; fileEncoding = 4; lastKnownFileType = file.storyboard; path = Main.storyboard; sourceTree = "<group>"; };
		220034AD27619D3D00F2A859 /* DetailCell.xib */ = {isa = PBXFileReference; fileEncoding = 4; lastKnownFileType = file.xib; path = DetailCell.xib; sourceTree = "<group>"; };
		220034AE27619D3D00F2A859 /* DetailCell.swift */ = {isa = PBXFileReference; fileEncoding = 4; lastKnownFileType = sourcecode.swift; path = DetailCell.swift; sourceTree = "<group>"; };
		220034B727619D4C00F2A859 /* LoginViewController.swift */ = {isa = PBXFileReference; fileEncoding = 4; lastKnownFileType = sourcecode.swift; path = LoginViewController.swift; sourceTree = "<group>"; };
		220034B827619D4C00F2A859 /* RegisterViewController.swift */ = {isa = PBXFileReference; fileEncoding = 4; lastKnownFileType = sourcecode.swift; path = RegisterViewController.swift; sourceTree = "<group>"; };
		220034BB27619D5D00F2A859 /* ProfileDetailViewController.swift */ = {isa = PBXFileReference; fileEncoding = 4; lastKnownFileType = sourcecode.swift; path = ProfileDetailViewController.swift; sourceTree = "<group>"; };
		220034BC27619D5D00F2A859 /* NotificationViewController.swift */ = {isa = PBXFileReference; fileEncoding = 4; lastKnownFileType = sourcecode.swift; path = NotificationViewController.swift; sourceTree = "<group>"; };
		220034BD27619D5D00F2A859 /* NewGroupViewController.swift */ = {isa = PBXFileReference; fileEncoding = 4; lastKnownFileType = sourcecode.swift; path = NewGroupViewController.swift; sourceTree = "<group>"; };
		220034BE27619D5D00F2A859 /* ProfileViewController.swift */ = {isa = PBXFileReference; fileEncoding = 4; lastKnownFileType = sourcecode.swift; path = ProfileViewController.swift; sourceTree = "<group>"; };
		220034BF27619D5D00F2A859 /* CreateGroupViewController.swift */ = {isa = PBXFileReference; fileEncoding = 4; lastKnownFileType = sourcecode.swift; path = CreateGroupViewController.swift; sourceTree = "<group>"; };
		220034C027619D5E00F2A859 /* SearchViewController.swift */ = {isa = PBXFileReference; fileEncoding = 4; lastKnownFileType = sourcecode.swift; path = SearchViewController.swift; sourceTree = "<group>"; };
		220034C127619D5E00F2A859 /* ProfileConfigurationViewController.swift */ = {isa = PBXFileReference; fileEncoding = 4; lastKnownFileType = sourcecode.swift; path = ProfileConfigurationViewController.swift; sourceTree = "<group>"; };
		220034C927619D7400F2A859 /* GroupConfigurationViewController.swift */ = {isa = PBXFileReference; fileEncoding = 4; lastKnownFileType = sourcecode.swift; path = GroupConfigurationViewController.swift; sourceTree = "<group>"; };
		220034CA27619D7400F2A859 /* GroupMemberViewController.swift */ = {isa = PBXFileReference; fileEncoding = 4; lastKnownFileType = sourcecode.swift; path = GroupMemberViewController.swift; sourceTree = "<group>"; };
		220034CB27619D7400F2A859 /* AdditionViewController.swift */ = {isa = PBXFileReference; fileEncoding = 4; lastKnownFileType = sourcecode.swift; path = AdditionViewController.swift; sourceTree = "<group>"; };
		220034CC27619D7400F2A859 /* DetailLastMonthViewController.swift */ = {isa = PBXFileReference; fileEncoding = 4; lastKnownFileType = sourcecode.swift; path = DetailLastMonthViewController.swift; sourceTree = "<group>"; };
		220034CD27619D7400F2A859 /* GroupDetailViewController.swift */ = {isa = PBXFileReference; fileEncoding = 4; lastKnownFileType = sourcecode.swift; path = GroupDetailViewController.swift; sourceTree = "<group>"; };
		220034CE27619D7400F2A859 /* SettlementViewController.swift */ = {isa = PBXFileReference; fileEncoding = 4; lastKnownFileType = sourcecode.swift; path = SettlementViewController.swift; sourceTree = "<group>"; };
		220034CF27619D7400F2A859 /* LastMonthDataViewController.swift */ = {isa = PBXFileReference; fileEncoding = 4; lastKnownFileType = sourcecode.swift; path = LastMonthDataViewController.swift; sourceTree = "<group>"; };
		220034D027619D7500F2A859 /* MonthDataViewController.swift */ = {isa = PBXFileReference; fileEncoding = 4; lastKnownFileType = sourcecode.swift; path = MonthDataViewController.swift; sourceTree = "<group>"; };
		220034D127619D7500F2A859 /* PaymentViewController.swift */ = {isa = PBXFileReference; fileEncoding = 4; lastKnownFileType = sourcecode.swift; path = PaymentViewController.swift; sourceTree = "<group>"; };
		220034D227619D7500F2A859 /* DetailThisMonthViewController.swift */ = {isa = PBXFileReference; fileEncoding = 4; lastKnownFileType = sourcecode.swift; path = DetailThisMonthViewController.swift; sourceTree = "<group>"; };
		220034D327619D7500F2A859 /* MonthlyDataViewController.swift */ = {isa = PBXFileReference; fileEncoding = 4; lastKnownFileType = sourcecode.swift; path = MonthlyDataViewController.swift; sourceTree = "<group>"; };
		220034DF27619D8300F2A859 /* FoodViewController.swift */ = {isa = PBXFileReference; fileEncoding = 4; lastKnownFileType = sourcecode.swift; path = FoodViewController.swift; sourceTree = "<group>"; };
		220034E027619D8300F2A859 /* UtilityViewController.swift */ = {isa = PBXFileReference; fileEncoding = 4; lastKnownFileType = sourcecode.swift; path = UtilityViewController.swift; sourceTree = "<group>"; };
		220034E127619D8300F2A859 /* OverAllViewController.swift */ = {isa = PBXFileReference; fileEncoding = 4; lastKnownFileType = sourcecode.swift; path = OverAllViewController.swift; sourceTree = "<group>"; };
		220034E227619D8300F2A859 /* OthersViewController.swift */ = {isa = PBXFileReference; fileEncoding = 4; lastKnownFileType = sourcecode.swift; path = OthersViewController.swift; sourceTree = "<group>"; };
		220034E727619D9000F2A859 /* DetailMyselfViewController.swift */ = {isa = PBXFileReference; fileEncoding = 4; lastKnownFileType = sourcecode.swift; path = DetailMyselfViewController.swift; sourceTree = "<group>"; };
		220034E827619D9000F2A859 /* DetailMyselfLastMonthViewController.swift */ = {isa = PBXFileReference; fileEncoding = 4; lastKnownFileType = sourcecode.swift; path = DetailMyselfLastMonthViewController.swift; sourceTree = "<group>"; };
		220034E927619D9000F2A859 /* DetailAllLastMonthViewController.swift */ = {isa = PBXFileReference; fileEncoding = 4; lastKnownFileType = sourcecode.swift; path = DetailAllLastMonthViewController.swift; sourceTree = "<group>"; };
		220034EA27619D9000F2A859 /* DetailAllViewController.swift */ = {isa = PBXFileReference; fileEncoding = 4; lastKnownFileType = sourcecode.swift; path = DetailAllViewController.swift; sourceTree = "<group>"; };
		225E64212738165D0040FB1A /* ShareKakeibo.app */ = {isa = PBXFileReference; explicitFileType = wrapper.application; includeInIndex = 0; path = ShareKakeibo.app; sourceTree = BUILT_PRODUCTS_DIR; };
		225E642D2738165E0040FB1A /* Assets.xcassets */ = {isa = PBXFileReference; lastKnownFileType = folder.assetcatalog; path = Assets.xcassets; sourceTree = "<group>"; };
		225E64322738165E0040FB1A /* Info.plist */ = {isa = PBXFileReference; lastKnownFileType = text.plist.xml; path = Info.plist; sourceTree = "<group>"; };
		225E6439273818630040FB1A /* GoogleService-Info.plist */ = {isa = PBXFileReference; fileEncoding = 4; lastKnownFileType = text.plist.xml; path = "GoogleService-Info.plist"; sourceTree = "<group>"; };
		37055A8E67BDC2AF04432771 /* Pods_ShareKakeibo.framework */ = {isa = PBXFileReference; explicitFileType = wrapper.framework; includeInIndex = 0; path = Pods_ShareKakeibo.framework; sourceTree = BUILT_PRODUCTS_DIR; };
		B85699E72A69E4580ABB0C79 /* Pods-ShareKakeibo.debug.xcconfig */ = {isa = PBXFileReference; includeInIndex = 1; lastKnownFileType = text.xcconfig; name = "Pods-ShareKakeibo.debug.xcconfig"; path = "Target Support Files/Pods-ShareKakeibo/Pods-ShareKakeibo.debug.xcconfig"; sourceTree = "<group>"; };
		E9ECD0577AEFE068764042C1 /* Pods-ShareKakeibo.release.xcconfig */ = {isa = PBXFileReference; includeInIndex = 1; lastKnownFileType = text.xcconfig; name = "Pods-ShareKakeibo.release.xcconfig"; path = "Target Support Files/Pods-ShareKakeibo/Pods-ShareKakeibo.release.xcconfig"; sourceTree = "<group>"; };
/* End PBXFileReference section */

/* Begin PBXFrameworksBuildPhase section */
		225E641E2738165D0040FB1A /* Frameworks */ = {
			isa = PBXFrameworksBuildPhase;
			buildActionMask = 2147483647;
			files = (
				4B84650965713B51B234DA29 /* Pods_ShareKakeibo.framework in Frameworks */,
			);
			runOnlyForDeploymentPostprocessing = 0;
		};
/* End PBXFrameworksBuildPhase section */

/* Begin PBXGroup section */
		220556FA2738199C00B8C683 /* Model */ = {
			isa = PBXGroup;
			children = (
				2200348527619D0700F2A859 /* AlertModel.swift */,
				2200348927619D0800F2A859 /* AppDelegate.swift */,
				2200348727619D0800F2A859 /* ButtonAnimatedModel.swift */,
				2200348427619D0700F2A859 /* ChangeCommaModel.swift */,
				2200348827619D0800F2A859 /* DateModel.swift */,
				2200348127619D0700F2A859 /* GraphModel.swift */,
				2200348227619D0700F2A859 /* LoginModel.swift */,
				2200348327619D0700F2A859 /* NotificationModel.swift */,
				2200348627619D0700F2A859 /* SceneDelegate.swift */,
				22055701273819E500B8C683 /* loadModel */,
			);
			path = Model;
			sourceTree = "<group>";
		};
		22055701273819E500B8C683 /* loadModel */ = {
			isa = PBXGroup;
			children = (
				2200349427619D1A00F2A859 /* EditDBModel.swift */,
				2200349327619D1A00F2A859 /* LoadDBModel.swift */,
				2200349527619D1A00F2A859 /* SendDBModel.swift */,
				2205576527383A9000B8C683 /* DataSets */,
			);
			path = loadModel;
			sourceTree = "<group>";
		};
		2205571A27381A2C00B8C683 /* View */ = {
			isa = PBXGroup;
			children = (
				220034A927619D3C00F2A859 /* CollectionViewCell.swift */,
				220034A827619D3C00F2A859 /* CollectionViewCell.xib */,
				220034AE27619D3D00F2A859 /* DetailCell.swift */,
				220034AD27619D3D00F2A859 /* DetailCell.xib */,
				220034AB27619D3D00F2A859 /* LaunchScreen.storyboard */,
				220034AC27619D3D00F2A859 /* Main.storyboard */,
				220034AA27619D3C00F2A859 /* ProfileConfigurationCell.swift */,
				220034A727619D3C00F2A859 /* ProfileConfigurationCell.xib */,
			);
			path = View;
			sourceTree = "<group>";
		};
		2205572927381A7E00B8C683 /* Controller */ = {
			isa = PBXGroup;
			children = (
				220034B727619D4C00F2A859 /* LoginViewController.swift */,
				220034B827619D4C00F2A859 /* RegisterViewController.swift */,
				2205572E27381AC700B8C683 /* Profile */,
				221B871627482FAE0000122F /* Group */,
			);
			path = Controller;
			sourceTree = "<group>";
		};
		2205572E27381AC700B8C683 /* Profile */ = {
			isa = PBXGroup;
			children = (
				220034BF27619D5D00F2A859 /* CreateGroupViewController.swift */,
				220034BD27619D5D00F2A859 /* NewGroupViewController.swift */,
				220034BC27619D5D00F2A859 /* NotificationViewController.swift */,
				220034C127619D5E00F2A859 /* ProfileConfigurationViewController.swift */,
				220034BB27619D5D00F2A859 /* ProfileDetailViewController.swift */,
				220034BE27619D5D00F2A859 /* ProfileViewController.swift */,
				220034C027619D5E00F2A859 /* SearchViewController.swift */,
			);
			path = Profile;
			sourceTree = "<group>";
		};
		2205575327381B3A00B8C683 /* PagingController */ = {
			isa = PBXGroup;
			children = (
				220034DF27619D8300F2A859 /* FoodViewController.swift */,
				220034E227619D8300F2A859 /* OthersViewController.swift */,
				220034E127619D8300F2A859 /* OverAllViewController.swift */,
				220034E027619D8300F2A859 /* UtilityViewController.swift */,
				2205575C27381B6D00B8C683 /* DetailController */,
			);
			path = PagingController;
			sourceTree = "<group>";
		};
		2205575C27381B6D00B8C683 /* DetailController */ = {
			isa = PBXGroup;
			children = (
				220034E927619D9000F2A859 /* DetailAllLastMonthViewController.swift */,
				220034EA27619D9000F2A859 /* DetailAllViewController.swift */,
				220034E827619D9000F2A859 /* DetailMyselfLastMonthViewController.swift */,
				220034E727619D9000F2A859 /* DetailMyselfViewController.swift */,
			);
			path = DetailController;
			sourceTree = "<group>";
		};
		2205576527383A9000B8C683 /* DataSets */ = {
			isa = PBXGroup;
			children = (
				2200349927619D2900F2A859 /* GroupSets.swift */,
				2200349E27619D2900F2A859 /* MonthGroupDetailsSets.swift */,
				2200349D27619D2900F2A859 /* MonthMyDetailsSets.swift */,
				2200349B27619D2900F2A859 /* NotificationSets.swift */,
				2200349C27619D2900F2A859 /* SettlementSets.swift */,
				2200349A27619D2900F2A859 /* UserSearchSets.swift */,
				2200349F27619D2900F2A859 /* UserSets.swift */,
			);
			path = DataSets;
			sourceTree = "<group>";
		};
		221B871627482FAE0000122F /* Group */ = {
			isa = PBXGroup;
			children = (
				220034CB27619D7400F2A859 /* AdditionViewController.swift */,
				220034CC27619D7400F2A859 /* DetailLastMonthViewController.swift */,
				220034D227619D7500F2A859 /* DetailThisMonthViewController.swift */,
				220034C927619D7400F2A859 /* GroupConfigurationViewController.swift */,
				220034CD27619D7400F2A859 /* GroupDetailViewController.swift */,
				220034CA27619D7400F2A859 /* GroupMemberViewController.swift */,
				220034CF27619D7400F2A859 /* LastMonthDataViewController.swift */,
				220034D027619D7500F2A859 /* MonthDataViewController.swift */,
				220034D327619D7500F2A859 /* MonthlyDataViewController.swift */,
				220034D127619D7500F2A859 /* PaymentViewController.swift */,
				220034CE27619D7400F2A859 /* SettlementViewController.swift */,
				2205575327381B3A00B8C683 /* PagingController */,
			);
			path = Group;
			sourceTree = "<group>";
		};
		225E64182738165D0040FB1A = {
			isa = PBXGroup;
			children = (
				225E64232738165D0040FB1A /* ShareKakeibo */,
				225E64222738165D0040FB1A /* Products */,
				4DD3C22550744A4E56EF9560 /* Pods */,
				96EB73442FF0FA85BA997E1F /* Frameworks */,
			);
			sourceTree = "<group>";
		};
		225E64222738165D0040FB1A /* Products */ = {
			isa = PBXGroup;
			children = (
				225E64212738165D0040FB1A /* ShareKakeibo.app */,
			);
			name = Products;
			sourceTree = "<group>";
		};
		225E64232738165D0040FB1A /* ShareKakeibo */ = {
			isa = PBXGroup;
			children = (
				220556FA2738199C00B8C683 /* Model */,
				2205571A27381A2C00B8C683 /* View */,
				2205572927381A7E00B8C683 /* Controller */,
				225E642D2738165E0040FB1A /* Assets.xcassets */,
				225E64322738165E0040FB1A /* Info.plist */,
				225E6439273818630040FB1A /* GoogleService-Info.plist */,
			);
			path = ShareKakeibo;
			sourceTree = "<group>";
		};
		4DD3C22550744A4E56EF9560 /* Pods */ = {
			isa = PBXGroup;
			children = (
				B85699E72A69E4580ABB0C79 /* Pods-ShareKakeibo.debug.xcconfig */,
				E9ECD0577AEFE068764042C1 /* Pods-ShareKakeibo.release.xcconfig */,
			);
			path = Pods;
			sourceTree = "<group>";
		};
		96EB73442FF0FA85BA997E1F /* Frameworks */ = {
			isa = PBXGroup;
			children = (
				37055A8E67BDC2AF04432771 /* Pods_ShareKakeibo.framework */,
			);
			name = Frameworks;
			sourceTree = "<group>";
		};
/* End PBXGroup section */

/* Begin PBXNativeTarget section */
		225E64202738165D0040FB1A /* ShareKakeibo */ = {
			isa = PBXNativeTarget;
			buildConfigurationList = 225E64352738165E0040FB1A /* Build configuration list for PBXNativeTarget "ShareKakeibo" */;
			buildPhases = (
				5758ABD9A5D98330C868E4B4 /* [CP] Check Pods Manifest.lock */,
				225E641D2738165D0040FB1A /* Sources */,
				225E641E2738165D0040FB1A /* Frameworks */,
				225E641F2738165D0040FB1A /* Resources */,
				1262A4474E194E7794355144 /* [CP] Embed Pods Frameworks */,
			);
			buildRules = (
			);
			dependencies = (
			);
			name = ShareKakeibo;
			productName = ShareKakeibo;
			productReference = 225E64212738165D0040FB1A /* ShareKakeibo.app */;
			productType = "com.apple.product-type.application";
		};
/* End PBXNativeTarget section */

/* Begin PBXProject section */
		225E64192738165D0040FB1A /* Project object */ = {
			isa = PBXProject;
			attributes = {
				LastSwiftUpdateCheck = 1250;
				LastUpgradeCheck = 1250;
				TargetAttributes = {
					225E64202738165D0040FB1A = {
						CreatedOnToolsVersion = 12.5.1;
						LastSwiftMigration = 1250;
					};
				};
			};
			buildConfigurationList = 225E641C2738165D0040FB1A /* Build configuration list for PBXProject "ShareKakeibo" */;
			compatibilityVersion = "Xcode 9.3";
			developmentRegion = en;
			hasScannedForEncodings = 0;
			knownRegions = (
				en,
				Base,
			);
			mainGroup = 225E64182738165D0040FB1A;
			productRefGroup = 225E64222738165D0040FB1A /* Products */;
			projectDirPath = "";
			projectRoot = "";
			targets = (
				225E64202738165D0040FB1A /* ShareKakeibo */,
			);
		};
/* End PBXProject section */

/* Begin PBXResourcesBuildPhase section */
		225E641F2738165D0040FB1A /* Resources */ = {
			isa = PBXResourcesBuildPhase;
			buildActionMask = 2147483647;
			files = (
				225E643A273818630040FB1A /* GoogleService-Info.plist in Resources */,
				225E642E2738165E0040FB1A /* Assets.xcassets in Resources */,
				220034B027619D3D00F2A859 /* CollectionViewCell.xib in Resources */,
				220034B427619D3D00F2A859 /* Main.storyboard in Resources */,
				220034B527619D3D00F2A859 /* DetailCell.xib in Resources */,
				220034B327619D3D00F2A859 /* LaunchScreen.storyboard in Resources */,
				220034AF27619D3D00F2A859 /* ProfileConfigurationCell.xib in Resources */,
			);
			runOnlyForDeploymentPostprocessing = 0;
		};
/* End PBXResourcesBuildPhase section */

/* Begin PBXShellScriptBuildPhase section */
		1262A4474E194E7794355144 /* [CP] Embed Pods Frameworks */ = {
			isa = PBXShellScriptBuildPhase;
			buildActionMask = 2147483647;
			files = (
			);
			inputFileListPaths = (
				"${PODS_ROOT}/Target Support Files/Pods-ShareKakeibo/Pods-ShareKakeibo-frameworks-${CONFIGURATION}-input-files.xcfilelist",
			);
			name = "[CP] Embed Pods Frameworks";
			outputFileListPaths = (
				"${PODS_ROOT}/Target Support Files/Pods-ShareKakeibo/Pods-ShareKakeibo-frameworks-${CONFIGURATION}-output-files.xcfilelist",
			);
			runOnlyForDeploymentPostprocessing = 0;
			shellPath = /bin/sh;
			shellScript = "\"${PODS_ROOT}/Target Support Files/Pods-ShareKakeibo/Pods-ShareKakeibo-frameworks.sh\"\n";
			showEnvVarsInLog = 0;
		};
		5758ABD9A5D98330C868E4B4 /* [CP] Check Pods Manifest.lock */ = {
			isa = PBXShellScriptBuildPhase;
			buildActionMask = 2147483647;
			files = (
			);
			inputFileListPaths = (
			);
			inputPaths = (
				"${PODS_PODFILE_DIR_PATH}/Podfile.lock",
				"${PODS_ROOT}/Manifest.lock",
			);
			name = "[CP] Check Pods Manifest.lock";
			outputFileListPaths = (
			);
			outputPaths = (
				"$(DERIVED_FILE_DIR)/Pods-ShareKakeibo-checkManifestLockResult.txt",
			);
			runOnlyForDeploymentPostprocessing = 0;
			shellPath = /bin/sh;
			shellScript = "diff \"${PODS_PODFILE_DIR_PATH}/Podfile.lock\" \"${PODS_ROOT}/Manifest.lock\" > /dev/null\nif [ $? != 0 ] ; then\n    # print error to STDERR\n    echo \"error: The sandbox is not in sync with the Podfile.lock. Run 'pod install' or update your CocoaPods installation.\" >&2\n    exit 1\nfi\n# This output is used by Xcode 'outputs' to avoid re-running this script phase.\necho \"SUCCESS\" > \"${SCRIPT_OUTPUT_FILE_0}\"\n";
			showEnvVarsInLog = 0;
		};
/* End PBXShellScriptBuildPhase section */

/* Begin PBXSourcesBuildPhase section */
		225E641D2738165D0040FB1A /* Sources */ = {
			isa = PBXSourcesBuildPhase;
			buildActionMask = 2147483647;
			files = (
				220034C827619D5E00F2A859 /* ProfileConfigurationViewController.swift in Sources */,
				2200348A27619D0800F2A859 /* GraphModel.swift in Sources */,
				2200349827619D1A00F2A859 /* SendDBModel.swift in Sources */,
				220034DA27619D7500F2A859 /* LastMonthDataViewController.swift in Sources */,
				220034C327619D5E00F2A859 /* NotificationViewController.swift in Sources */,
				220034DE27619D7500F2A859 /* MonthlyDataViewController.swift in Sources */,
				220034C527619D5E00F2A859 /* ProfileViewController.swift in Sources */,
				220034A327619D2900F2A859 /* SettlementSets.swift in Sources */,
				2200349127619D0800F2A859 /* DateModel.swift in Sources */,
				220034A627619D2900F2A859 /* UserSets.swift in Sources */,
				220034D527619D7500F2A859 /* GroupMemberViewController.swift in Sources */,
				220034D627619D7500F2A859 /* AdditionViewController.swift in Sources */,
				220034B927619D4C00F2A859 /* LoginViewController.swift in Sources */,
				220034A227619D2900F2A859 /* NotificationSets.swift in Sources */,
				220034B627619D3D00F2A859 /* DetailCell.swift in Sources */,
				220034D727619D7500F2A859 /* DetailLastMonthViewController.swift in Sources */,
				220034DC27619D7500F2A859 /* PaymentViewController.swift in Sources */,
				220034A427619D2900F2A859 /* MonthMyDetailsSets.swift in Sources */,
				220034DB27619D7500F2A859 /* MonthDataViewController.swift in Sources */,
				220034B227619D3D00F2A859 /* ProfileConfigurationCell.swift in Sources */,
				2200349627619D1A00F2A859 /* LoadDBModel.swift in Sources */,
				2200349727619D1A00F2A859 /* EditDBModel.swift in Sources */,
				220034C427619D5E00F2A859 /* NewGroupViewController.swift in Sources */,
				220034E627619D8300F2A859 /* OthersViewController.swift in Sources */,
				220034E427619D8300F2A859 /* UtilityViewController.swift in Sources */,
				2200348D27619D0800F2A859 /* ChangeCommaModel.swift in Sources */,
				220034C627619D5E00F2A859 /* CreateGroupViewController.swift in Sources */,
				220034E327619D8300F2A859 /* FoodViewController.swift in Sources */,
				220034E527619D8300F2A859 /* OverAllViewController.swift in Sources */,
				220034B127619D3D00F2A859 /* CollectionViewCell.swift in Sources */,
				220034ED27619D9000F2A859 /* DetailAllLastMonthViewController.swift in Sources */,
				220034C227619D5E00F2A859 /* ProfileDetailViewController.swift in Sources */,
				220034A527619D2900F2A859 /* MonthGroupDetailsSets.swift in Sources */,
				220034EE27619D9000F2A859 /* DetailAllViewController.swift in Sources */,
				220034EC27619D9000F2A859 /* DetailMyselfLastMonthViewController.swift in Sources */,
				2200349027619D0800F2A859 /* ButtonAnimatedModel.swift in Sources */,
				220034DD27619D7500F2A859 /* DetailThisMonthViewController.swift in Sources */,
				2200349227619D0800F2A859 /* AppDelegate.swift in Sources */,
				2200348E27619D0800F2A859 /* AlertModel.swift in Sources */,
				220034A027619D2900F2A859 /* GroupSets.swift in Sources */,
				220034BA27619D4C00F2A859 /* RegisterViewController.swift in Sources */,
				2200348F27619D0800F2A859 /* SceneDelegate.swift in Sources */,
				2200348B27619D0800F2A859 /* LoginModel.swift in Sources */,
				220034C727619D5E00F2A859 /* SearchViewController.swift in Sources */,
				220034EB27619D9000F2A859 /* DetailMyselfViewController.swift in Sources */,
				220034D427619D7500F2A859 /* GroupConfigurationViewController.swift in Sources */,
				220034D927619D7500F2A859 /* SettlementViewController.swift in Sources */,
				220034D827619D7500F2A859 /* GroupDetailViewController.swift in Sources */,
				220034A127619D2900F2A859 /* UserSearchSets.swift in Sources */,
				2200348C27619D0800F2A859 /* NotificationModel.swift in Sources */,
			);
			runOnlyForDeploymentPostprocessing = 0;
		};
/* End PBXSourcesBuildPhase section */

/* Begin XCBuildConfiguration section */
		225E64332738165E0040FB1A /* Debug */ = {
			isa = XCBuildConfiguration;
			buildSettings = {
				ALWAYS_SEARCH_USER_PATHS = NO;
				CLANG_ANALYZER_NONNULL = YES;
				CLANG_ANALYZER_NUMBER_OBJECT_CONVERSION = YES_AGGRESSIVE;
				CLANG_CXX_LANGUAGE_STANDARD = "gnu++14";
				CLANG_CXX_LIBRARY = "libc++";
				CLANG_ENABLE_MODULES = YES;
				CLANG_ENABLE_OBJC_ARC = YES;
				CLANG_ENABLE_OBJC_WEAK = YES;
				CLANG_WARN_BLOCK_CAPTURE_AUTORELEASING = YES;
				CLANG_WARN_BOOL_CONVERSION = YES;
				CLANG_WARN_COMMA = YES;
				CLANG_WARN_CONSTANT_CONVERSION = YES;
				CLANG_WARN_DEPRECATED_OBJC_IMPLEMENTATIONS = YES;
				CLANG_WARN_DIRECT_OBJC_ISA_USAGE = YES_ERROR;
				CLANG_WARN_DOCUMENTATION_COMMENTS = YES;
				CLANG_WARN_EMPTY_BODY = YES;
				CLANG_WARN_ENUM_CONVERSION = YES;
				CLANG_WARN_INFINITE_RECURSION = YES;
				CLANG_WARN_INT_CONVERSION = YES;
				CLANG_WARN_NON_LITERAL_NULL_CONVERSION = YES;
				CLANG_WARN_OBJC_IMPLICIT_RETAIN_SELF = YES;
				CLANG_WARN_OBJC_LITERAL_CONVERSION = YES;
				CLANG_WARN_OBJC_ROOT_CLASS = YES_ERROR;
				CLANG_WARN_QUOTED_INCLUDE_IN_FRAMEWORK_HEADER = YES;
				CLANG_WARN_RANGE_LOOP_ANALYSIS = YES;
				CLANG_WARN_STRICT_PROTOTYPES = YES;
				CLANG_WARN_SUSPICIOUS_MOVE = YES;
				CLANG_WARN_UNGUARDED_AVAILABILITY = YES_AGGRESSIVE;
				CLANG_WARN_UNREACHABLE_CODE = YES;
				CLANG_WARN__DUPLICATE_METHOD_MATCH = YES;
				COPY_PHASE_STRIP = NO;
				DEBUG_INFORMATION_FORMAT = dwarf;
				ENABLE_STRICT_OBJC_MSGSEND = YES;
				ENABLE_TESTABILITY = YES;
				GCC_C_LANGUAGE_STANDARD = gnu11;
				GCC_DYNAMIC_NO_PIC = NO;
				GCC_NO_COMMON_BLOCKS = YES;
				GCC_OPTIMIZATION_LEVEL = 0;
				GCC_PREPROCESSOR_DEFINITIONS = (
					"DEBUG=1",
					"$(inherited)",
				);
				GCC_WARN_64_TO_32_BIT_CONVERSION = YES;
				GCC_WARN_ABOUT_RETURN_TYPE = YES_ERROR;
				GCC_WARN_UNDECLARED_SELECTOR = YES;
				GCC_WARN_UNINITIALIZED_AUTOS = YES_AGGRESSIVE;
				GCC_WARN_UNUSED_FUNCTION = YES;
				GCC_WARN_UNUSED_VARIABLE = YES;
				IPHONEOS_DEPLOYMENT_TARGET = 14.5;
				MTL_ENABLE_DEBUG_INFO = INCLUDE_SOURCE;
				MTL_FAST_MATH = YES;
				ONLY_ACTIVE_ARCH = YES;
				SDKROOT = iphoneos;
				SWIFT_ACTIVE_COMPILATION_CONDITIONS = DEBUG;
				SWIFT_OPTIMIZATION_LEVEL = "-Onone";
			};
			name = Debug;
		};
		225E64342738165E0040FB1A /* Release */ = {
			isa = XCBuildConfiguration;
			buildSettings = {
				ALWAYS_SEARCH_USER_PATHS = NO;
				CLANG_ANALYZER_NONNULL = YES;
				CLANG_ANALYZER_NUMBER_OBJECT_CONVERSION = YES_AGGRESSIVE;
				CLANG_CXX_LANGUAGE_STANDARD = "gnu++14";
				CLANG_CXX_LIBRARY = "libc++";
				CLANG_ENABLE_MODULES = YES;
				CLANG_ENABLE_OBJC_ARC = YES;
				CLANG_ENABLE_OBJC_WEAK = YES;
				CLANG_WARN_BLOCK_CAPTURE_AUTORELEASING = YES;
				CLANG_WARN_BOOL_CONVERSION = YES;
				CLANG_WARN_COMMA = YES;
				CLANG_WARN_CONSTANT_CONVERSION = YES;
				CLANG_WARN_DEPRECATED_OBJC_IMPLEMENTATIONS = YES;
				CLANG_WARN_DIRECT_OBJC_ISA_USAGE = YES_ERROR;
				CLANG_WARN_DOCUMENTATION_COMMENTS = YES;
				CLANG_WARN_EMPTY_BODY = YES;
				CLANG_WARN_ENUM_CONVERSION = YES;
				CLANG_WARN_INFINITE_RECURSION = YES;
				CLANG_WARN_INT_CONVERSION = YES;
				CLANG_WARN_NON_LITERAL_NULL_CONVERSION = YES;
				CLANG_WARN_OBJC_IMPLICIT_RETAIN_SELF = YES;
				CLANG_WARN_OBJC_LITERAL_CONVERSION = YES;
				CLANG_WARN_OBJC_ROOT_CLASS = YES_ERROR;
				CLANG_WARN_QUOTED_INCLUDE_IN_FRAMEWORK_HEADER = YES;
				CLANG_WARN_RANGE_LOOP_ANALYSIS = YES;
				CLANG_WARN_STRICT_PROTOTYPES = YES;
				CLANG_WARN_SUSPICIOUS_MOVE = YES;
				CLANG_WARN_UNGUARDED_AVAILABILITY = YES_AGGRESSIVE;
				CLANG_WARN_UNREACHABLE_CODE = YES;
				CLANG_WARN__DUPLICATE_METHOD_MATCH = YES;
				COPY_PHASE_STRIP = NO;
				DEBUG_INFORMATION_FORMAT = "dwarf-with-dsym";
				ENABLE_NS_ASSERTIONS = NO;
				ENABLE_STRICT_OBJC_MSGSEND = YES;
				GCC_C_LANGUAGE_STANDARD = gnu11;
				GCC_NO_COMMON_BLOCKS = YES;
				GCC_WARN_64_TO_32_BIT_CONVERSION = YES;
				GCC_WARN_ABOUT_RETURN_TYPE = YES_ERROR;
				GCC_WARN_UNDECLARED_SELECTOR = YES;
				GCC_WARN_UNINITIALIZED_AUTOS = YES_AGGRESSIVE;
				GCC_WARN_UNUSED_FUNCTION = YES;
				GCC_WARN_UNUSED_VARIABLE = YES;
				IPHONEOS_DEPLOYMENT_TARGET = 14.5;
				MTL_ENABLE_DEBUG_INFO = NO;
				MTL_FAST_MATH = YES;
				SDKROOT = iphoneos;
				SWIFT_COMPILATION_MODE = wholemodule;
				SWIFT_OPTIMIZATION_LEVEL = "-O";
				VALIDATE_PRODUCT = YES;
			};
			name = Release;
		};
		225E64362738165E0040FB1A /* Debug */ = {
			isa = XCBuildConfiguration;
			baseConfigurationReference = B85699E72A69E4580ABB0C79 /* Pods-ShareKakeibo.debug.xcconfig */;
			buildSettings = {
				ASSETCATALOG_COMPILER_APPICON_NAME = AppIcon;
				ASSETCATALOG_COMPILER_GLOBAL_ACCENT_COLOR_NAME = AccentColor;
				CLANG_ENABLE_MODULES = YES;
				CODE_SIGN_STYLE = Automatic;
				DEVELOPMENT_TEAM = Z898T9VB4G;
				INFOPLIST_FILE = ShareKakeibo/Info.plist;
				LD_RUNPATH_SEARCH_PATHS = (
					"$(inherited)",
					"@executable_path/Frameworks",
				);
				PRODUCT_BUNDLE_IDENTIFIER = com.tokoko.ShareKakeibo20211121;
				PRODUCT_NAME = "$(TARGET_NAME)";
				SWIFT_OPTIMIZATION_LEVEL = "-Onone";
				SWIFT_VERSION = 5.0;
				TARGETED_DEVICE_FAMILY = "1,2";
			};
			name = Debug;
		};
		225E64372738165E0040FB1A /* Release */ = {
			isa = XCBuildConfiguration;
			baseConfigurationReference = E9ECD0577AEFE068764042C1 /* Pods-ShareKakeibo.release.xcconfig */;
			buildSettings = {
				ASSETCATALOG_COMPILER_APPICON_NAME = AppIcon;
				ASSETCATALOG_COMPILER_GLOBAL_ACCENT_COLOR_NAME = AccentColor;
				CLANG_ENABLE_MODULES = YES;
				CODE_SIGN_STYLE = Automatic;
				DEVELOPMENT_TEAM = Z898T9VB4G;
				INFOPLIST_FILE = ShareKakeibo/Info.plist;
				LD_RUNPATH_SEARCH_PATHS = (
					"$(inherited)",
					"@executable_path/Frameworks",
				);
				PRODUCT_BUNDLE_IDENTIFIER = com.tokoko.ShareKakeibo20211121;
				PRODUCT_NAME = "$(TARGET_NAME)";
				SWIFT_VERSION = 5.0;
				TARGETED_DEVICE_FAMILY = "1,2";
			};
			name = Release;
		};
/* End XCBuildConfiguration section */

/* Begin XCConfigurationList section */
		225E641C2738165D0040FB1A /* Build configuration list for PBXProject "ShareKakeibo" */ = {
			isa = XCConfigurationList;
			buildConfigurations = (
				225E64332738165E0040FB1A /* Debug */,
				225E64342738165E0040FB1A /* Release */,
			);
			defaultConfigurationIsVisible = 0;
			defaultConfigurationName = Release;
		};
		225E64352738165E0040FB1A /* Build configuration list for PBXNativeTarget "ShareKakeibo" */ = {
			isa = XCConfigurationList;
			buildConfigurations = (
				225E64362738165E0040FB1A /* Debug */,
				225E64372738165E0040FB1A /* Release */,
			);
			defaultConfigurationIsVisible = 0;
			defaultConfigurationName = Release;
		};
/* End XCConfigurationList section */
	};
	rootObject = 225E64192738165D0040FB1A /* Project object */;
}
