// !$*UTF8*$!
{
	archiveVersion = 1;
	classes = {
	};
	objectVersion = 51;
	objects = {

/* Begin PBXBuildFile section */
		225E642E2738165E0040FB1A /* Assets.xcassets in Resources */ = {isa = PBXBuildFile; fileRef = 225E642D2738165E0040FB1A /* Assets.xcassets */; };
		225E64312738165E0040FB1A /* LaunchScreen.storyboard in Resources */ = {isa = PBXBuildFile; fileRef = 225E642F2738165E0040FB1A /* LaunchScreen.storyboard */; };
		225E643A273818630040FB1A /* GoogleService-Info.plist in Resources */ = {isa = PBXBuildFile; fileRef = 225E6439273818630040FB1A /* GoogleService-Info.plist */; };
		228F1BEF274A3E3F002B3D5D /* ButtonAnimatedModel.swift in Sources */ = {isa = PBXBuildFile; fileRef = 228F1BE8274A3E3E002B3D5D /* ButtonAnimatedModel.swift */; };
		228F1BF0274A3E3F002B3D5D /* LoginModel.swift in Sources */ = {isa = PBXBuildFile; fileRef = 228F1BE9274A3E3E002B3D5D /* LoginModel.swift */; };
		228F1BF1274A3E3F002B3D5D /* SceneDelegate.swift in Sources */ = {isa = PBXBuildFile; fileRef = 228F1BEA274A3E3E002B3D5D /* SceneDelegate.swift */; };
		228F1BF2274A3E3F002B3D5D /* GraphModel.swift in Sources */ = {isa = PBXBuildFile; fileRef = 228F1BEB274A3E3E002B3D5D /* GraphModel.swift */; };
		228F1BF3274A3E3F002B3D5D /* AppDelegate.swift in Sources */ = {isa = PBXBuildFile; fileRef = 228F1BEC274A3E3E002B3D5D /* AppDelegate.swift */; };
		228F1BF4274A3E3F002B3D5D /* AlertModel.swift in Sources */ = {isa = PBXBuildFile; fileRef = 228F1BED274A3E3F002B3D5D /* AlertModel.swift */; };
		228F1BF5274A3E3F002B3D5D /* DateModel.swift in Sources */ = {isa = PBXBuildFile; fileRef = 228F1BEE274A3E3F002B3D5D /* DateModel.swift */; };
		228F1BF9274A3E53002B3D5D /* SendDBModel.swift in Sources */ = {isa = PBXBuildFile; fileRef = 228F1BF6274A3E53002B3D5D /* SendDBModel.swift */; };
		228F1BFA274A3E53002B3D5D /* EditDBModel.swift in Sources */ = {isa = PBXBuildFile; fileRef = 228F1BF7274A3E53002B3D5D /* EditDBModel.swift */; };
		228F1BFB274A3E53002B3D5D /* LoadDBModel.swift in Sources */ = {isa = PBXBuildFile; fileRef = 228F1BF8274A3E53002B3D5D /* LoadDBModel.swift */; };
		228F1C03274A3E63002B3D5D /* UserSets.swift in Sources */ = {isa = PBXBuildFile; fileRef = 228F1BFC274A3E62002B3D5D /* UserSets.swift */; };
		228F1C04274A3E63002B3D5D /* GroupSets.swift in Sources */ = {isa = PBXBuildFile; fileRef = 228F1BFD274A3E62002B3D5D /* GroupSets.swift */; };
		228F1C05274A3E63002B3D5D /* MonthMyDetailsSets.swift in Sources */ = {isa = PBXBuildFile; fileRef = 228F1BFE274A3E62002B3D5D /* MonthMyDetailsSets.swift */; };
		228F1C06274A3E63002B3D5D /* MonthGroupDetailsSets.swift in Sources */ = {isa = PBXBuildFile; fileRef = 228F1BFF274A3E62002B3D5D /* MonthGroupDetailsSets.swift */; };
		228F1C07274A3E63002B3D5D /* UserSearchSets.swift in Sources */ = {isa = PBXBuildFile; fileRef = 228F1C00274A3E62002B3D5D /* UserSearchSets.swift */; };
		228F1C08274A3E63002B3D5D /* SettlementSets.swift in Sources */ = {isa = PBXBuildFile; fileRef = 228F1C01274A3E63002B3D5D /* SettlementSets.swift */; };
		228F1C09274A3E63002B3D5D /* NotificationSets.swift in Sources */ = {isa = PBXBuildFile; fileRef = 228F1C02274A3E63002B3D5D /* NotificationSets.swift */; };
		228F1C11274A3EF8002B3D5D /* CollectionViewCell.xib in Resources */ = {isa = PBXBuildFile; fileRef = 228F1C0A274A3EF8002B3D5D /* CollectionViewCell.xib */; };
		228F1C12274A3EF8002B3D5D /* ProfileConfigurationCell.xib in Resources */ = {isa = PBXBuildFile; fileRef = 228F1C0B274A3EF8002B3D5D /* ProfileConfigurationCell.xib */; };
		228F1C13274A3EF8002B3D5D /* DetailCell.swift in Sources */ = {isa = PBXBuildFile; fileRef = 228F1C0C274A3EF8002B3D5D /* DetailCell.swift */; };
		228F1C14274A3EF8002B3D5D /* Main.storyboard in Resources */ = {isa = PBXBuildFile; fileRef = 228F1C0D274A3EF8002B3D5D /* Main.storyboard */; };
		228F1C15274A3EF8002B3D5D /* ProfileConfigurationCell.swift in Sources */ = {isa = PBXBuildFile; fileRef = 228F1C0E274A3EF8002B3D5D /* ProfileConfigurationCell.swift */; };
		228F1C16274A3EF8002B3D5D /* CollectionViewCell.swift in Sources */ = {isa = PBXBuildFile; fileRef = 228F1C0F274A3EF8002B3D5D /* CollectionViewCell.swift */; };
		228F1C17274A3EF8002B3D5D /* DetailCell.xib in Resources */ = {isa = PBXBuildFile; fileRef = 228F1C10274A3EF8002B3D5D /* DetailCell.xib */; };
		228F1C1A274A3F0D002B3D5D /* RegisterViewController.swift in Sources */ = {isa = PBXBuildFile; fileRef = 228F1C18274A3F0D002B3D5D /* RegisterViewController.swift */; };
		228F1C1B274A3F0D002B3D5D /* LoginViewController.swift in Sources */ = {isa = PBXBuildFile; fileRef = 228F1C19274A3F0D002B3D5D /* LoginViewController.swift */; };
		228F1C23274A3F1E002B3D5D /* NewGroupViewController.swift in Sources */ = {isa = PBXBuildFile; fileRef = 228F1C1C274A3F1E002B3D5D /* NewGroupViewController.swift */; };
		228F1C24274A3F1E002B3D5D /* ProfileViewController.swift in Sources */ = {isa = PBXBuildFile; fileRef = 228F1C1D274A3F1E002B3D5D /* ProfileViewController.swift */; };
		228F1C25274A3F1E002B3D5D /* ProfileConfigurationViewController.swift in Sources */ = {isa = PBXBuildFile; fileRef = 228F1C1E274A3F1E002B3D5D /* ProfileConfigurationViewController.swift */; };
		228F1C26274A3F1E002B3D5D /* CreateGroupViewController.swift in Sources */ = {isa = PBXBuildFile; fileRef = 228F1C1F274A3F1E002B3D5D /* CreateGroupViewController.swift */; };
		228F1C27274A3F1E002B3D5D /* NotificationViewController.swift in Sources */ = {isa = PBXBuildFile; fileRef = 228F1C20274A3F1E002B3D5D /* NotificationViewController.swift */; };
		228F1C28274A3F1E002B3D5D /* ProfileDetailViewController.swift in Sources */ = {isa = PBXBuildFile; fileRef = 228F1C21274A3F1E002B3D5D /* ProfileDetailViewController.swift */; };
		228F1C29274A3F1E002B3D5D /* SearchViewController.swift in Sources */ = {isa = PBXBuildFile; fileRef = 228F1C22274A3F1E002B3D5D /* SearchViewController.swift */; };
		228F1C35274A3F36002B3D5D /* GroupMemberViewController.swift in Sources */ = {isa = PBXBuildFile; fileRef = 228F1C2A274A3F35002B3D5D /* GroupMemberViewController.swift */; };
		228F1C36274A3F36002B3D5D /* MonthDataViewController.swift in Sources */ = {isa = PBXBuildFile; fileRef = 228F1C2B274A3F35002B3D5D /* MonthDataViewController.swift */; };
		228F1C37274A3F36002B3D5D /* AdditionViewController.swift in Sources */ = {isa = PBXBuildFile; fileRef = 228F1C2C274A3F35002B3D5D /* AdditionViewController.swift */; };
		228F1C38274A3F36002B3D5D /* DetailThisMonthViewController.swift in Sources */ = {isa = PBXBuildFile; fileRef = 228F1C2D274A3F35002B3D5D /* DetailThisMonthViewController.swift */; };
		228F1C39274A3F36002B3D5D /* LastMonthDataViewController.swift in Sources */ = {isa = PBXBuildFile; fileRef = 228F1C2E274A3F35002B3D5D /* LastMonthDataViewController.swift */; };
		228F1C3A274A3F36002B3D5D /* GroupDetailViewController.swift in Sources */ = {isa = PBXBuildFile; fileRef = 228F1C2F274A3F35002B3D5D /* GroupDetailViewController.swift */; };
		228F1C3B274A3F36002B3D5D /* DetailLastMonthViewController.swift in Sources */ = {isa = PBXBuildFile; fileRef = 228F1C30274A3F36002B3D5D /* DetailLastMonthViewController.swift */; };
		228F1C3C274A3F36002B3D5D /* GroupConfigurationViewController.swift in Sources */ = {isa = PBXBuildFile; fileRef = 228F1C31274A3F36002B3D5D /* GroupConfigurationViewController.swift */; };
		228F1C3D274A3F36002B3D5D /* PaymentViewController.swift in Sources */ = {isa = PBXBuildFile; fileRef = 228F1C32274A3F36002B3D5D /* PaymentViewController.swift */; };
		228F1C3E274A3F36002B3D5D /* SettlementViewController.swift in Sources */ = {isa = PBXBuildFile; fileRef = 228F1C33274A3F36002B3D5D /* SettlementViewController.swift */; };
		228F1C3F274A3F36002B3D5D /* MonthlyDataViewController.swift in Sources */ = {isa = PBXBuildFile; fileRef = 228F1C34274A3F36002B3D5D /* MonthlyDataViewController.swift */; };
		228F1C44274A3F85002B3D5D /* UtilityViewController.swift in Sources */ = {isa = PBXBuildFile; fileRef = 228F1C40274A3F84002B3D5D /* UtilityViewController.swift */; };
		228F1C45274A3F85002B3D5D /* FoodViewController.swift in Sources */ = {isa = PBXBuildFile; fileRef = 228F1C41274A3F84002B3D5D /* FoodViewController.swift */; };
		228F1C46274A3F85002B3D5D /* OverAllViewController.swift in Sources */ = {isa = PBXBuildFile; fileRef = 228F1C42274A3F85002B3D5D /* OverAllViewController.swift */; };
		228F1C47274A3F85002B3D5D /* OthersViewController.swift in Sources */ = {isa = PBXBuildFile; fileRef = 228F1C43274A3F85002B3D5D /* OthersViewController.swift */; };
		228F1C4C274A3F9A002B3D5D /* DetailMyselfViewController.swift in Sources */ = {isa = PBXBuildFile; fileRef = 228F1C48274A3F9A002B3D5D /* DetailMyselfViewController.swift */; };
		228F1C4D274A3F9A002B3D5D /* DetailAllViewController.swift in Sources */ = {isa = PBXBuildFile; fileRef = 228F1C49274A3F9A002B3D5D /* DetailAllViewController.swift */; };
		228F1C4E274A3F9A002B3D5D /* DetailAllLastMonthViewController.swift in Sources */ = {isa = PBXBuildFile; fileRef = 228F1C4A274A3F9A002B3D5D /* DetailAllLastMonthViewController.swift */; };
		228F1C4F274A3F9A002B3D5D /* DetailMyselfLastMonthViewController.swift in Sources */ = {isa = PBXBuildFile; fileRef = 228F1C4B274A3F9A002B3D5D /* DetailMyselfLastMonthViewController.swift */; };
		4B84650965713B51B234DA29 /* Pods_ShareKakeibo.framework in Frameworks */ = {isa = PBXBuildFile; fileRef = 37055A8E67BDC2AF04432771 /* Pods_ShareKakeibo.framework */; };
/* End PBXBuildFile section */

/* Begin PBXFileReference section */
		225E64212738165D0040FB1A /* ShareKakeibo.app */ = {isa = PBXFileReference; explicitFileType = wrapper.application; includeInIndex = 0; path = ShareKakeibo.app; sourceTree = BUILT_PRODUCTS_DIR; };
		225E642D2738165E0040FB1A /* Assets.xcassets */ = {isa = PBXFileReference; lastKnownFileType = folder.assetcatalog; path = Assets.xcassets; sourceTree = "<group>"; };
		225E64302738165E0040FB1A /* Base */ = {isa = PBXFileReference; lastKnownFileType = file.storyboard; name = Base; path = Base.lproj/LaunchScreen.storyboard; sourceTree = "<group>"; };
		225E64322738165E0040FB1A /* Info.plist */ = {isa = PBXFileReference; lastKnownFileType = text.plist.xml; path = Info.plist; sourceTree = "<group>"; };
		225E6439273818630040FB1A /* GoogleService-Info.plist */ = {isa = PBXFileReference; fileEncoding = 4; lastKnownFileType = text.plist.xml; path = "GoogleService-Info.plist"; sourceTree = "<group>"; };
		228F1BE8274A3E3E002B3D5D /* ButtonAnimatedModel.swift */ = {isa = PBXFileReference; fileEncoding = 4; lastKnownFileType = sourcecode.swift; path = ButtonAnimatedModel.swift; sourceTree = "<group>"; };
		228F1BE9274A3E3E002B3D5D /* LoginModel.swift */ = {isa = PBXFileReference; fileEncoding = 4; lastKnownFileType = sourcecode.swift; path = LoginModel.swift; sourceTree = "<group>"; };
		228F1BEA274A3E3E002B3D5D /* SceneDelegate.swift */ = {isa = PBXFileReference; fileEncoding = 4; lastKnownFileType = sourcecode.swift; path = SceneDelegate.swift; sourceTree = "<group>"; };
		228F1BEB274A3E3E002B3D5D /* GraphModel.swift */ = {isa = PBXFileReference; fileEncoding = 4; lastKnownFileType = sourcecode.swift; path = GraphModel.swift; sourceTree = "<group>"; };
		228F1BEC274A3E3E002B3D5D /* AppDelegate.swift */ = {isa = PBXFileReference; fileEncoding = 4; lastKnownFileType = sourcecode.swift; path = AppDelegate.swift; sourceTree = "<group>"; };
		228F1BED274A3E3F002B3D5D /* AlertModel.swift */ = {isa = PBXFileReference; fileEncoding = 4; lastKnownFileType = sourcecode.swift; path = AlertModel.swift; sourceTree = "<group>"; };
		228F1BEE274A3E3F002B3D5D /* DateModel.swift */ = {isa = PBXFileReference; fileEncoding = 4; lastKnownFileType = sourcecode.swift; path = DateModel.swift; sourceTree = "<group>"; };
		228F1BF6274A3E53002B3D5D /* SendDBModel.swift */ = {isa = PBXFileReference; fileEncoding = 4; lastKnownFileType = sourcecode.swift; path = SendDBModel.swift; sourceTree = "<group>"; };
		228F1BF7274A3E53002B3D5D /* EditDBModel.swift */ = {isa = PBXFileReference; fileEncoding = 4; lastKnownFileType = sourcecode.swift; path = EditDBModel.swift; sourceTree = "<group>"; };
		228F1BF8274A3E53002B3D5D /* LoadDBModel.swift */ = {isa = PBXFileReference; fileEncoding = 4; lastKnownFileType = sourcecode.swift; path = LoadDBModel.swift; sourceTree = "<group>"; };
		228F1BFC274A3E62002B3D5D /* UserSets.swift */ = {isa = PBXFileReference; fileEncoding = 4; lastKnownFileType = sourcecode.swift; path = UserSets.swift; sourceTree = "<group>"; };
		228F1BFD274A3E62002B3D5D /* GroupSets.swift */ = {isa = PBXFileReference; fileEncoding = 4; lastKnownFileType = sourcecode.swift; path = GroupSets.swift; sourceTree = "<group>"; };
		228F1BFE274A3E62002B3D5D /* MonthMyDetailsSets.swift */ = {isa = PBXFileReference; fileEncoding = 4; lastKnownFileType = sourcecode.swift; path = MonthMyDetailsSets.swift; sourceTree = "<group>"; };
		228F1BFF274A3E62002B3D5D /* MonthGroupDetailsSets.swift */ = {isa = PBXFileReference; fileEncoding = 4; lastKnownFileType = sourcecode.swift; path = MonthGroupDetailsSets.swift; sourceTree = "<group>"; };
		228F1C00274A3E62002B3D5D /* UserSearchSets.swift */ = {isa = PBXFileReference; fileEncoding = 4; lastKnownFileType = sourcecode.swift; path = UserSearchSets.swift; sourceTree = "<group>"; };
		228F1C01274A3E63002B3D5D /* SettlementSets.swift */ = {isa = PBXFileReference; fileEncoding = 4; lastKnownFileType = sourcecode.swift; path = SettlementSets.swift; sourceTree = "<group>"; };
		228F1C02274A3E63002B3D5D /* NotificationSets.swift */ = {isa = PBXFileReference; fileEncoding = 4; lastKnownFileType = sourcecode.swift; path = NotificationSets.swift; sourceTree = "<group>"; };
		228F1C0A274A3EF8002B3D5D /* CollectionViewCell.xib */ = {isa = PBXFileReference; fileEncoding = 4; lastKnownFileType = file.xib; path = CollectionViewCell.xib; sourceTree = "<group>"; };
		228F1C0B274A3EF8002B3D5D /* ProfileConfigurationCell.xib */ = {isa = PBXFileReference; fileEncoding = 4; lastKnownFileType = file.xib; path = ProfileConfigurationCell.xib; sourceTree = "<group>"; };
		228F1C0C274A3EF8002B3D5D /* DetailCell.swift */ = {isa = PBXFileReference; fileEncoding = 4; lastKnownFileType = sourcecode.swift; path = DetailCell.swift; sourceTree = "<group>"; };
		228F1C0D274A3EF8002B3D5D /* Main.storyboard */ = {isa = PBXFileReference; fileEncoding = 4; lastKnownFileType = file.storyboard; path = Main.storyboard; sourceTree = "<group>"; };
		228F1C0E274A3EF8002B3D5D /* ProfileConfigurationCell.swift */ = {isa = PBXFileReference; fileEncoding = 4; lastKnownFileType = sourcecode.swift; path = ProfileConfigurationCell.swift; sourceTree = "<group>"; };
		228F1C0F274A3EF8002B3D5D /* CollectionViewCell.swift */ = {isa = PBXFileReference; fileEncoding = 4; lastKnownFileType = sourcecode.swift; path = CollectionViewCell.swift; sourceTree = "<group>"; };
		228F1C10274A3EF8002B3D5D /* DetailCell.xib */ = {isa = PBXFileReference; fileEncoding = 4; lastKnownFileType = file.xib; path = DetailCell.xib; sourceTree = "<group>"; };
		228F1C18274A3F0D002B3D5D /* RegisterViewController.swift */ = {isa = PBXFileReference; fileEncoding = 4; lastKnownFileType = sourcecode.swift; path = RegisterViewController.swift; sourceTree = "<group>"; };
		228F1C19274A3F0D002B3D5D /* LoginViewController.swift */ = {isa = PBXFileReference; fileEncoding = 4; lastKnownFileType = sourcecode.swift; path = LoginViewController.swift; sourceTree = "<group>"; };
		228F1C1C274A3F1E002B3D5D /* NewGroupViewController.swift */ = {isa = PBXFileReference; fileEncoding = 4; lastKnownFileType = sourcecode.swift; path = NewGroupViewController.swift; sourceTree = "<group>"; };
		228F1C1D274A3F1E002B3D5D /* ProfileViewController.swift */ = {isa = PBXFileReference; fileEncoding = 4; lastKnownFileType = sourcecode.swift; path = ProfileViewController.swift; sourceTree = "<group>"; };
		228F1C1E274A3F1E002B3D5D /* ProfileConfigurationViewController.swift */ = {isa = PBXFileReference; fileEncoding = 4; lastKnownFileType = sourcecode.swift; path = ProfileConfigurationViewController.swift; sourceTree = "<group>"; };
		228F1C1F274A3F1E002B3D5D /* CreateGroupViewController.swift */ = {isa = PBXFileReference; fileEncoding = 4; lastKnownFileType = sourcecode.swift; path = CreateGroupViewController.swift; sourceTree = "<group>"; };
		228F1C20274A3F1E002B3D5D /* NotificationViewController.swift */ = {isa = PBXFileReference; fileEncoding = 4; lastKnownFileType = sourcecode.swift; path = NotificationViewController.swift; sourceTree = "<group>"; };
		228F1C21274A3F1E002B3D5D /* ProfileDetailViewController.swift */ = {isa = PBXFileReference; fileEncoding = 4; lastKnownFileType = sourcecode.swift; path = ProfileDetailViewController.swift; sourceTree = "<group>"; };
		228F1C22274A3F1E002B3D5D /* SearchViewController.swift */ = {isa = PBXFileReference; fileEncoding = 4; lastKnownFileType = sourcecode.swift; path = SearchViewController.swift; sourceTree = "<group>"; };
		228F1C2A274A3F35002B3D5D /* GroupMemberViewController.swift */ = {isa = PBXFileReference; fileEncoding = 4; lastKnownFileType = sourcecode.swift; path = GroupMemberViewController.swift; sourceTree = "<group>"; };
		228F1C2B274A3F35002B3D5D /* MonthDataViewController.swift */ = {isa = PBXFileReference; fileEncoding = 4; lastKnownFileType = sourcecode.swift; path = MonthDataViewController.swift; sourceTree = "<group>"; };
		228F1C2C274A3F35002B3D5D /* AdditionViewController.swift */ = {isa = PBXFileReference; fileEncoding = 4; lastKnownFileType = sourcecode.swift; path = AdditionViewController.swift; sourceTree = "<group>"; };
		228F1C2D274A3F35002B3D5D /* DetailThisMonthViewController.swift */ = {isa = PBXFileReference; fileEncoding = 4; lastKnownFileType = sourcecode.swift; path = DetailThisMonthViewController.swift; sourceTree = "<group>"; };
		228F1C2E274A3F35002B3D5D /* LastMonthDataViewController.swift */ = {isa = PBXFileReference; fileEncoding = 4; lastKnownFileType = sourcecode.swift; path = LastMonthDataViewController.swift; sourceTree = "<group>"; };
		228F1C2F274A3F35002B3D5D /* GroupDetailViewController.swift */ = {isa = PBXFileReference; fileEncoding = 4; lastKnownFileType = sourcecode.swift; path = GroupDetailViewController.swift; sourceTree = "<group>"; };
		228F1C30274A3F36002B3D5D /* DetailLastMonthViewController.swift */ = {isa = PBXFileReference; fileEncoding = 4; lastKnownFileType = sourcecode.swift; path = DetailLastMonthViewController.swift; sourceTree = "<group>"; };
		228F1C31274A3F36002B3D5D /* GroupConfigurationViewController.swift */ = {isa = PBXFileReference; fileEncoding = 4; lastKnownFileType = sourcecode.swift; path = GroupConfigurationViewController.swift; sourceTree = "<group>"; };
		228F1C32274A3F36002B3D5D /* PaymentViewController.swift */ = {isa = PBXFileReference; fileEncoding = 4; lastKnownFileType = sourcecode.swift; path = PaymentViewController.swift; sourceTree = "<group>"; };
		228F1C33274A3F36002B3D5D /* SettlementViewController.swift */ = {isa = PBXFileReference; fileEncoding = 4; lastKnownFileType = sourcecode.swift; path = SettlementViewController.swift; sourceTree = "<group>"; };
		228F1C34274A3F36002B3D5D /* MonthlyDataViewController.swift */ = {isa = PBXFileReference; fileEncoding = 4; lastKnownFileType = sourcecode.swift; path = MonthlyDataViewController.swift; sourceTree = "<group>"; };
		228F1C40274A3F84002B3D5D /* UtilityViewController.swift */ = {isa = PBXFileReference; fileEncoding = 4; lastKnownFileType = sourcecode.swift; path = UtilityViewController.swift; sourceTree = "<group>"; };
		228F1C41274A3F84002B3D5D /* FoodViewController.swift */ = {isa = PBXFileReference; fileEncoding = 4; lastKnownFileType = sourcecode.swift; path = FoodViewController.swift; sourceTree = "<group>"; };
		228F1C42274A3F85002B3D5D /* OverAllViewController.swift */ = {isa = PBXFileReference; fileEncoding = 4; lastKnownFileType = sourcecode.swift; path = OverAllViewController.swift; sourceTree = "<group>"; };
		228F1C43274A3F85002B3D5D /* OthersViewController.swift */ = {isa = PBXFileReference; fileEncoding = 4; lastKnownFileType = sourcecode.swift; path = OthersViewController.swift; sourceTree = "<group>"; };
		228F1C48274A3F9A002B3D5D /* DetailMyselfViewController.swift */ = {isa = PBXFileReference; fileEncoding = 4; lastKnownFileType = sourcecode.swift; path = DetailMyselfViewController.swift; sourceTree = "<group>"; };
		228F1C49274A3F9A002B3D5D /* DetailAllViewController.swift */ = {isa = PBXFileReference; fileEncoding = 4; lastKnownFileType = sourcecode.swift; path = DetailAllViewController.swift; sourceTree = "<group>"; };
		228F1C4A274A3F9A002B3D5D /* DetailAllLastMonthViewController.swift */ = {isa = PBXFileReference; fileEncoding = 4; lastKnownFileType = sourcecode.swift; path = DetailAllLastMonthViewController.swift; sourceTree = "<group>"; };
		228F1C4B274A3F9A002B3D5D /* DetailMyselfLastMonthViewController.swift */ = {isa = PBXFileReference; fileEncoding = 4; lastKnownFileType = sourcecode.swift; path = DetailMyselfLastMonthViewController.swift; sourceTree = "<group>"; };
		37055A8E67BDC2AF04432771 /* Pods_ShareKakeibo.framework */ = {isa = PBXFileReference; explicitFileType = wrapper.framework; includeInIndex = 0; path = Pods_ShareKakeibo.framework; sourceTree = BUILT_PRODUCTS_DIR; };
		B85699E72A69E4580ABB0C79 /* Pods-ShareKakeibo.debug.xcconfig */ = {isa = PBXFileReference; includeInIndex = 1; lastKnownFileType = text.xcconfig; name = "Pods-ShareKakeibo.debug.xcconfig"; path = "Target Support Files/Pods-ShareKakeibo/Pods-ShareKakeibo.debug.xcconfig"; sourceTree = "<group>"; };
		E9ECD0577AEFE068764042C1 /* Pods-ShareKakeibo.release.xcconfig */ = {isa = PBXFileReference; includeInIndex = 1; lastKnownFileType = text.xcconfig; name = "Pods-ShareKakeibo.release.xcconfig"; path = "Target Support Files/Pods-ShareKakeibo/Pods-ShareKakeibo.release.xcconfig"; sourceTree = "<group>"; };
/* End PBXFileReference section */

/* Begin PBXFrameworksBuildPhase section */
		225E641E2738165D0040FB1A /* Frameworks */ = {
			isa = PBXFrameworksBuildPhase;
			buildActionMask = 2147483647;
			files = (
				4B84650965713B51B234DA29 /* Pods_ShareKakeibo.framework in Frameworks */,
			);
			runOnlyForDeploymentPostprocessing = 0;
		};
/* End PBXFrameworksBuildPhase section */

/* Begin PBXGroup section */
		220556FA2738199C00B8C683 /* Model */ = {
			isa = PBXGroup;
			children = (
				228F1BED274A3E3F002B3D5D /* AlertModel.swift */,
				228F1BEC274A3E3E002B3D5D /* AppDelegate.swift */,
				228F1BE8274A3E3E002B3D5D /* ButtonAnimatedModel.swift */,
				228F1BEE274A3E3F002B3D5D /* DateModel.swift */,
				228F1BEB274A3E3E002B3D5D /* GraphModel.swift */,
				228F1BE9274A3E3E002B3D5D /* LoginModel.swift */,
				228F1BEA274A3E3E002B3D5D /* SceneDelegate.swift */,
				22055701273819E500B8C683 /* loadModel */,
			);
			path = Model;
			sourceTree = "<group>";
		};
		22055701273819E500B8C683 /* loadModel */ = {
			isa = PBXGroup;
			children = (
				228F1BF7274A3E53002B3D5D /* EditDBModel.swift */,
				228F1BF8274A3E53002B3D5D /* LoadDBModel.swift */,
				228F1BF6274A3E53002B3D5D /* SendDBModel.swift */,
				2205576527383A9000B8C683 /* DataSets */,
			);
			path = loadModel;
			sourceTree = "<group>";
		};
		2205571A27381A2C00B8C683 /* View */ = {
			isa = PBXGroup;
			children = (
				228F1C0F274A3EF8002B3D5D /* CollectionViewCell.swift */,
				228F1C0A274A3EF8002B3D5D /* CollectionViewCell.xib */,
				228F1C0C274A3EF8002B3D5D /* DetailCell.swift */,
				228F1C10274A3EF8002B3D5D /* DetailCell.xib */,
				228F1C0D274A3EF8002B3D5D /* Main.storyboard */,
				228F1C0E274A3EF8002B3D5D /* ProfileConfigurationCell.swift */,
				228F1C0B274A3EF8002B3D5D /* ProfileConfigurationCell.xib */,
			);
			path = View;
			sourceTree = "<group>";
		};
		2205572927381A7E00B8C683 /* Controller */ = {
			isa = PBXGroup;
			children = (
				228F1C19274A3F0D002B3D5D /* LoginViewController.swift */,
				228F1C18274A3F0D002B3D5D /* RegisterViewController.swift */,
				2205572E27381AC700B8C683 /* Profile */,
				221B871627482FAE0000122F /* Group */,
			);
			path = Controller;
			sourceTree = "<group>";
		};
		2205572E27381AC700B8C683 /* Profile */ = {
			isa = PBXGroup;
			children = (
				228F1C1F274A3F1E002B3D5D /* CreateGroupViewController.swift */,
				228F1C1C274A3F1E002B3D5D /* NewGroupViewController.swift */,
				228F1C20274A3F1E002B3D5D /* NotificationViewController.swift */,
				228F1C1E274A3F1E002B3D5D /* ProfileConfigurationViewController.swift */,
				228F1C21274A3F1E002B3D5D /* ProfileDetailViewController.swift */,
				228F1C1D274A3F1E002B3D5D /* ProfileViewController.swift */,
				228F1C22274A3F1E002B3D5D /* SearchViewController.swift */,
			);
			path = Profile;
			sourceTree = "<group>";
		};
		2205575327381B3A00B8C683 /* PagingController */ = {
			isa = PBXGroup;
			children = (
				228F1C41274A3F84002B3D5D /* FoodViewController.swift */,
				228F1C43274A3F85002B3D5D /* OthersViewController.swift */,
				228F1C42274A3F85002B3D5D /* OverAllViewController.swift */,
				228F1C40274A3F84002B3D5D /* UtilityViewController.swift */,
				2205575C27381B6D00B8C683 /* New Group */,
			);
			path = PagingController;
			sourceTree = "<group>";
		};
		2205575C27381B6D00B8C683 /* New Group */ = {
			isa = PBXGroup;
			children = (
				228F1C4A274A3F9A002B3D5D /* DetailAllLastMonthViewController.swift */,
				228F1C49274A3F9A002B3D5D /* DetailAllViewController.swift */,
				228F1C4B274A3F9A002B3D5D /* DetailMyselfLastMonthViewController.swift */,
				228F1C48274A3F9A002B3D5D /* DetailMyselfViewController.swift */,
			);
			path = "New Group";
			sourceTree = "<group>";
		};
		2205576527383A9000B8C683 /* DataSets */ = {
			isa = PBXGroup;
			children = (
				228F1BFD274A3E62002B3D5D /* GroupSets.swift */,
				228F1BFF274A3E62002B3D5D /* MonthGroupDetailsSets.swift */,
				228F1BFE274A3E62002B3D5D /* MonthMyDetailsSets.swift */,
				228F1C02274A3E63002B3D5D /* NotificationSets.swift */,
				228F1C01274A3E63002B3D5D /* SettlementSets.swift */,
				228F1C00274A3E62002B3D5D /* UserSearchSets.swift */,
				228F1BFC274A3E62002B3D5D /* UserSets.swift */,
			);
			path = DataSets;
			sourceTree = "<group>";
		};
		221B871627482FAE0000122F /* Group */ = {
			isa = PBXGroup;
			children = (
				228F1C2C274A3F35002B3D5D /* AdditionViewController.swift */,
				228F1C30274A3F36002B3D5D /* DetailLastMonthViewController.swift */,
				228F1C2D274A3F35002B3D5D /* DetailThisMonthViewController.swift */,
				228F1C31274A3F36002B3D5D /* GroupConfigurationViewController.swift */,
				228F1C2F274A3F35002B3D5D /* GroupDetailViewController.swift */,
				228F1C2A274A3F35002B3D5D /* GroupMemberViewController.swift */,
				228F1C2E274A3F35002B3D5D /* LastMonthDataViewController.swift */,
				228F1C2B274A3F35002B3D5D /* MonthDataViewController.swift */,
				228F1C34274A3F36002B3D5D /* MonthlyDataViewController.swift */,
				228F1C32274A3F36002B3D5D /* PaymentViewController.swift */,
				228F1C33274A3F36002B3D5D /* SettlementViewController.swift */,
				2205575327381B3A00B8C683 /* PagingController */,
			);
			path = Group;
			sourceTree = "<group>";
		};
		225E64182738165D0040FB1A = {
			isa = PBXGroup;
			children = (
				225E64232738165D0040FB1A /* ShareKakeibo */,
				225E64222738165D0040FB1A /* Products */,
				4DD3C22550744A4E56EF9560 /* Pods */,
				96EB73442FF0FA85BA997E1F /* Frameworks */,
			);
			sourceTree = "<group>";
		};
		225E64222738165D0040FB1A /* Products */ = {
			isa = PBXGroup;
			children = (
				225E64212738165D0040FB1A /* ShareKakeibo.app */,
			);
			name = Products;
			sourceTree = "<group>";
		};
		225E64232738165D0040FB1A /* ShareKakeibo */ = {
			isa = PBXGroup;
			children = (
				220556FA2738199C00B8C683 /* Model */,
				2205571A27381A2C00B8C683 /* View */,
				2205572927381A7E00B8C683 /* Controller */,
				225E642D2738165E0040FB1A /* Assets.xcassets */,
				225E642F2738165E0040FB1A /* LaunchScreen.storyboard */,
				225E64322738165E0040FB1A /* Info.plist */,
				225E6439273818630040FB1A /* GoogleService-Info.plist */,
			);
			path = ShareKakeibo;
			sourceTree = "<group>";
		};
		4DD3C22550744A4E56EF9560 /* Pods */ = {
			isa = PBXGroup;
			children = (
				B85699E72A69E4580ABB0C79 /* Pods-ShareKakeibo.debug.xcconfig */,
				E9ECD0577AEFE068764042C1 /* Pods-ShareKakeibo.release.xcconfig */,
			);
			path = Pods;
			sourceTree = "<group>";
		};
		96EB73442FF0FA85BA997E1F /* Frameworks */ = {
			isa = PBXGroup;
			children = (
				37055A8E67BDC2AF04432771 /* Pods_ShareKakeibo.framework */,
			);
			name = Frameworks;
			sourceTree = "<group>";
		};
/* End PBXGroup section */

/* Begin PBXNativeTarget section */
		225E64202738165D0040FB1A /* ShareKakeibo */ = {
			isa = PBXNativeTarget;
			buildConfigurationList = 225E64352738165E0040FB1A /* Build configuration list for PBXNativeTarget "ShareKakeibo" */;
			buildPhases = (
				5758ABD9A5D98330C868E4B4 /* [CP] Check Pods Manifest.lock */,
				225E641D2738165D0040FB1A /* Sources */,
				225E641E2738165D0040FB1A /* Frameworks */,
				225E641F2738165D0040FB1A /* Resources */,
				1262A4474E194E7794355144 /* [CP] Embed Pods Frameworks */,
			);
			buildRules = (
			);
			dependencies = (
			);
			name = ShareKakeibo;
			productName = ShareKakeibo;
			productReference = 225E64212738165D0040FB1A /* ShareKakeibo.app */;
			productType = "com.apple.product-type.application";
		};
/* End PBXNativeTarget section */

/* Begin PBXProject section */
		225E64192738165D0040FB1A /* Project object */ = {
			isa = PBXProject;
			attributes = {
				LastSwiftUpdateCheck = 1250;
				LastUpgradeCheck = 1250;
				TargetAttributes = {
					225E64202738165D0040FB1A = {
						CreatedOnToolsVersion = 12.5.1;
					};
				};
			};
			buildConfigurationList = 225E641C2738165D0040FB1A /* Build configuration list for PBXProject "ShareKakeibo" */;
			compatibilityVersion = "Xcode 9.3";
			developmentRegion = en;
			hasScannedForEncodings = 0;
			knownRegions = (
				en,
				Base,
			);
			mainGroup = 225E64182738165D0040FB1A;
			productRefGroup = 225E64222738165D0040FB1A /* Products */;
			projectDirPath = "";
			projectRoot = "";
			targets = (
				225E64202738165D0040FB1A /* ShareKakeibo */,
			);
		};
/* End PBXProject section */

/* Begin PBXResourcesBuildPhase section */
		225E641F2738165D0040FB1A /* Resources */ = {
			isa = PBXResourcesBuildPhase;
			buildActionMask = 2147483647;
			files = (
				225E64312738165E0040FB1A /* LaunchScreen.storyboard in Resources */,
				228F1C12274A3EF8002B3D5D /* ProfileConfigurationCell.xib in Resources */,
				225E643A273818630040FB1A /* GoogleService-Info.plist in Resources */,
				228F1C14274A3EF8002B3D5D /* Main.storyboard in Resources */,
				228F1C17274A3EF8002B3D5D /* DetailCell.xib in Resources */,
				228F1C11274A3EF8002B3D5D /* CollectionViewCell.xib in Resources */,
				225E642E2738165E0040FB1A /* Assets.xcassets in Resources */,
			);
			runOnlyForDeploymentPostprocessing = 0;
		};
/* End PBXResourcesBuildPhase section */

/* Begin PBXShellScriptBuildPhase section */
		1262A4474E194E7794355144 /* [CP] Embed Pods Frameworks */ = {
			isa = PBXShellScriptBuildPhase;
			buildActionMask = 2147483647;
			files = (
			);
			inputFileListPaths = (
				"${PODS_ROOT}/Target Support Files/Pods-ShareKakeibo/Pods-ShareKakeibo-frameworks-${CONFIGURATION}-input-files.xcfilelist",
			);
			name = "[CP] Embed Pods Frameworks";
			outputFileListPaths = (
				"${PODS_ROOT}/Target Support Files/Pods-ShareKakeibo/Pods-ShareKakeibo-frameworks-${CONFIGURATION}-output-files.xcfilelist",
			);
			runOnlyForDeploymentPostprocessing = 0;
			shellPath = /bin/sh;
			shellScript = "\"${PODS_ROOT}/Target Support Files/Pods-ShareKakeibo/Pods-ShareKakeibo-frameworks.sh\"\n";
			showEnvVarsInLog = 0;
		};
		5758ABD9A5D98330C868E4B4 /* [CP] Check Pods Manifest.lock */ = {
			isa = PBXShellScriptBuildPhase;
			buildActionMask = 2147483647;
			files = (
			);
			inputFileListPaths = (
			);
			inputPaths = (
				"${PODS_PODFILE_DIR_PATH}/Podfile.lock",
				"${PODS_ROOT}/Manifest.lock",
			);
			name = "[CP] Check Pods Manifest.lock";
			outputFileListPaths = (
			);
			outputPaths = (
				"$(DERIVED_FILE_DIR)/Pods-ShareKakeibo-checkManifestLockResult.txt",
			);
			runOnlyForDeploymentPostprocessing = 0;
			shellPath = /bin/sh;
			shellScript = "diff \"${PODS_PODFILE_DIR_PATH}/Podfile.lock\" \"${PODS_ROOT}/Manifest.lock\" > /dev/null\nif [ $? != 0 ] ; then\n    # print error to STDERR\n    echo \"error: The sandbox is not in sync with the Podfile.lock. Run 'pod install' or update your CocoaPods installation.\" >&2\n    exit 1\nfi\n# This output is used by Xcode 'outputs' to avoid re-running this script phase.\necho \"SUCCESS\" > \"${SCRIPT_OUTPUT_FILE_0}\"\n";
			showEnvVarsInLog = 0;
		};
/* End PBXShellScriptBuildPhase section */

/* Begin PBXSourcesBuildPhase section */
		225E641D2738165D0040FB1A /* Sources */ = {
			isa = PBXSourcesBuildPhase;
			buildActionMask = 2147483647;
			files = (
				228F1C04274A3E63002B3D5D /* GroupSets.swift in Sources */,
				228F1C23274A3F1E002B3D5D /* NewGroupViewController.swift in Sources */,
				228F1C37274A3F36002B3D5D /* AdditionViewController.swift in Sources */,
				228F1C26274A3F1E002B3D5D /* CreateGroupViewController.swift in Sources */,
				228F1C27274A3F1E002B3D5D /* NotificationViewController.swift in Sources */,
				228F1C46274A3F85002B3D5D /* OverAllViewController.swift in Sources */,
				228F1BF1274A3E3F002B3D5D /* SceneDelegate.swift in Sources */,
				228F1C08274A3E63002B3D5D /* SettlementSets.swift in Sources */,
				228F1C35274A3F36002B3D5D /* GroupMemberViewController.swift in Sources */,
				228F1BF4274A3E3F002B3D5D /* AlertModel.swift in Sources */,
				228F1C1B274A3F0D002B3D5D /* LoginViewController.swift in Sources */,
				228F1C05274A3E63002B3D5D /* MonthMyDetailsSets.swift in Sources */,
				228F1C44274A3F85002B3D5D /* UtilityViewController.swift in Sources */,
				228F1C45274A3F85002B3D5D /* FoodViewController.swift in Sources */,
				228F1C36274A3F36002B3D5D /* MonthDataViewController.swift in Sources */,
				228F1BFB274A3E53002B3D5D /* LoadDBModel.swift in Sources */,
				228F1C03274A3E63002B3D5D /* UserSets.swift in Sources */,
				228F1BF3274A3E3F002B3D5D /* AppDelegate.swift in Sources */,
				228F1C38274A3F36002B3D5D /* DetailThisMonthViewController.swift in Sources */,
				228F1BFA274A3E53002B3D5D /* EditDBModel.swift in Sources */,
				228F1C16274A3EF8002B3D5D /* CollectionViewCell.swift in Sources */,
				228F1C1A274A3F0D002B3D5D /* RegisterViewController.swift in Sources */,
				228F1C28274A3F1E002B3D5D /* ProfileDetailViewController.swift in Sources */,
				228F1C15274A3EF8002B3D5D /* ProfileConfigurationCell.swift in Sources */,
				228F1BF9274A3E53002B3D5D /* SendDBModel.swift in Sources */,
				228F1C3E274A3F36002B3D5D /* SettlementViewController.swift in Sources */,
				228F1C07274A3E63002B3D5D /* UserSearchSets.swift in Sources */,
				228F1C3B274A3F36002B3D5D /* DetailLastMonthViewController.swift in Sources */,
				228F1C4E274A3F9A002B3D5D /* DetailAllLastMonthViewController.swift in Sources */,
				228F1C13274A3EF8002B3D5D /* DetailCell.swift in Sources */,
				228F1BEF274A3E3F002B3D5D /* ButtonAnimatedModel.swift in Sources */,
				228F1C06274A3E63002B3D5D /* MonthGroupDetailsSets.swift in Sources */,
				228F1C4F274A3F9A002B3D5D /* DetailMyselfLastMonthViewController.swift in Sources */,
				228F1C09274A3E63002B3D5D /* NotificationSets.swift in Sources */,
				228F1BF0274A3E3F002B3D5D /* LoginModel.swift in Sources */,
				228F1C29274A3F1E002B3D5D /* SearchViewController.swift in Sources */,
				228F1C3C274A3F36002B3D5D /* GroupConfigurationViewController.swift in Sources */,
				228F1C4C274A3F9A002B3D5D /* DetailMyselfViewController.swift in Sources */,
				228F1C25274A3F1E002B3D5D /* ProfileConfigurationViewController.swift in Sources */,
				228F1BF5274A3E3F002B3D5D /* DateModel.swift in Sources */,
				228F1C24274A3F1E002B3D5D /* ProfileViewController.swift in Sources */,
				228F1C47274A3F85002B3D5D /* OthersViewController.swift in Sources */,
				228F1C39274A3F36002B3D5D /* LastMonthDataViewController.swift in Sources */,
				228F1BF2274A3E3F002B3D5D /* GraphModel.swift in Sources */,
				228F1C3A274A3F36002B3D5D /* GroupDetailViewController.swift in Sources */,
				228F1C4D274A3F9A002B3D5D /* DetailAllViewController.swift in Sources */,
				228F1C3F274A3F36002B3D5D /* MonthlyDataViewController.swift in Sources */,
				228F1C3D274A3F36002B3D5D /* PaymentViewController.swift in Sources */,
			);
			runOnlyForDeploymentPostprocessing = 0;
		};
/* End PBXSourcesBuildPhase section */

/* Begin PBXVariantGroup section */
		225E642F2738165E0040FB1A /* LaunchScreen.storyboard */ = {
			isa = PBXVariantGroup;
			children = (
				225E64302738165E0040FB1A /* Base */,
			);
			name = LaunchScreen.storyboard;
			sourceTree = "<group>";
		};
/* End PBXVariantGroup section */

/* Begin XCBuildConfiguration section */
		225E64332738165E0040FB1A /* Debug */ = {
			isa = XCBuildConfiguration;
			buildSettings = {
				ALWAYS_SEARCH_USER_PATHS = NO;
				CLANG_ANALYZER_NONNULL = YES;
				CLANG_ANALYZER_NUMBER_OBJECT_CONVERSION = YES_AGGRESSIVE;
				CLANG_CXX_LANGUAGE_STANDARD = "gnu++14";
				CLANG_CXX_LIBRARY = "libc++";
				CLANG_ENABLE_MODULES = YES;
				CLANG_ENABLE_OBJC_ARC = YES;
				CLANG_ENABLE_OBJC_WEAK = YES;
				CLANG_WARN_BLOCK_CAPTURE_AUTORELEASING = YES;
				CLANG_WARN_BOOL_CONVERSION = YES;
				CLANG_WARN_COMMA = YES;
				CLANG_WARN_CONSTANT_CONVERSION = YES;
				CLANG_WARN_DEPRECATED_OBJC_IMPLEMENTATIONS = YES;
				CLANG_WARN_DIRECT_OBJC_ISA_USAGE = YES_ERROR;
				CLANG_WARN_DOCUMENTATION_COMMENTS = YES;
				CLANG_WARN_EMPTY_BODY = YES;
				CLANG_WARN_ENUM_CONVERSION = YES;
				CLANG_WARN_INFINITE_RECURSION = YES;
				CLANG_WARN_INT_CONVERSION = YES;
				CLANG_WARN_NON_LITERAL_NULL_CONVERSION = YES;
				CLANG_WARN_OBJC_IMPLICIT_RETAIN_SELF = YES;
				CLANG_WARN_OBJC_LITERAL_CONVERSION = YES;
				CLANG_WARN_OBJC_ROOT_CLASS = YES_ERROR;
				CLANG_WARN_QUOTED_INCLUDE_IN_FRAMEWORK_HEADER = YES;
				CLANG_WARN_RANGE_LOOP_ANALYSIS = YES;
				CLANG_WARN_STRICT_PROTOTYPES = YES;
				CLANG_WARN_SUSPICIOUS_MOVE = YES;
				CLANG_WARN_UNGUARDED_AVAILABILITY = YES_AGGRESSIVE;
				CLANG_WARN_UNREACHABLE_CODE = YES;
				CLANG_WARN__DUPLICATE_METHOD_MATCH = YES;
				COPY_PHASE_STRIP = NO;
				DEBUG_INFORMATION_FORMAT = dwarf;
				ENABLE_STRICT_OBJC_MSGSEND = YES;
				ENABLE_TESTABILITY = YES;
				GCC_C_LANGUAGE_STANDARD = gnu11;
				GCC_DYNAMIC_NO_PIC = NO;
				GCC_NO_COMMON_BLOCKS = YES;
				GCC_OPTIMIZATION_LEVEL = 0;
				GCC_PREPROCESSOR_DEFINITIONS = (
					"DEBUG=1",
					"$(inherited)",
				);
				GCC_WARN_64_TO_32_BIT_CONVERSION = YES;
				GCC_WARN_ABOUT_RETURN_TYPE = YES_ERROR;
				GCC_WARN_UNDECLARED_SELECTOR = YES;
				GCC_WARN_UNINITIALIZED_AUTOS = YES_AGGRESSIVE;
				GCC_WARN_UNUSED_FUNCTION = YES;
				GCC_WARN_UNUSED_VARIABLE = YES;
				IPHONEOS_DEPLOYMENT_TARGET = 14.5;
				MTL_ENABLE_DEBUG_INFO = INCLUDE_SOURCE;
				MTL_FAST_MATH = YES;
				ONLY_ACTIVE_ARCH = YES;
				SDKROOT = iphoneos;
				SWIFT_ACTIVE_COMPILATION_CONDITIONS = DEBUG;
				SWIFT_OPTIMIZATION_LEVEL = "-Onone";
			};
			name = Debug;
		};
		225E64342738165E0040FB1A /* Release */ = {
			isa = XCBuildConfiguration;
			buildSettings = {
				ALWAYS_SEARCH_USER_PATHS = NO;
				CLANG_ANALYZER_NONNULL = YES;
				CLANG_ANALYZER_NUMBER_OBJECT_CONVERSION = YES_AGGRESSIVE;
				CLANG_CXX_LANGUAGE_STANDARD = "gnu++14";
				CLANG_CXX_LIBRARY = "libc++";
				CLANG_ENABLE_MODULES = YES;
				CLANG_ENABLE_OBJC_ARC = YES;
				CLANG_ENABLE_OBJC_WEAK = YES;
				CLANG_WARN_BLOCK_CAPTURE_AUTORELEASING = YES;
				CLANG_WARN_BOOL_CONVERSION = YES;
				CLANG_WARN_COMMA = YES;
				CLANG_WARN_CONSTANT_CONVERSION = YES;
				CLANG_WARN_DEPRECATED_OBJC_IMPLEMENTATIONS = YES;
				CLANG_WARN_DIRECT_OBJC_ISA_USAGE = YES_ERROR;
				CLANG_WARN_DOCUMENTATION_COMMENTS = YES;
				CLANG_WARN_EMPTY_BODY = YES;
				CLANG_WARN_ENUM_CONVERSION = YES;
				CLANG_WARN_INFINITE_RECURSION = YES;
				CLANG_WARN_INT_CONVERSION = YES;
				CLANG_WARN_NON_LITERAL_NULL_CONVERSION = YES;
				CLANG_WARN_OBJC_IMPLICIT_RETAIN_SELF = YES;
				CLANG_WARN_OBJC_LITERAL_CONVERSION = YES;
				CLANG_WARN_OBJC_ROOT_CLASS = YES_ERROR;
				CLANG_WARN_QUOTED_INCLUDE_IN_FRAMEWORK_HEADER = YES;
				CLANG_WARN_RANGE_LOOP_ANALYSIS = YES;
				CLANG_WARN_STRICT_PROTOTYPES = YES;
				CLANG_WARN_SUSPICIOUS_MOVE = YES;
				CLANG_WARN_UNGUARDED_AVAILABILITY = YES_AGGRESSIVE;
				CLANG_WARN_UNREACHABLE_CODE = YES;
				CLANG_WARN__DUPLICATE_METHOD_MATCH = YES;
				COPY_PHASE_STRIP = NO;
				DEBUG_INFORMATION_FORMAT = "dwarf-with-dsym";
				ENABLE_NS_ASSERTIONS = NO;
				ENABLE_STRICT_OBJC_MSGSEND = YES;
				GCC_C_LANGUAGE_STANDARD = gnu11;
				GCC_NO_COMMON_BLOCKS = YES;
				GCC_WARN_64_TO_32_BIT_CONVERSION = YES;
				GCC_WARN_ABOUT_RETURN_TYPE = YES_ERROR;
				GCC_WARN_UNDECLARED_SELECTOR = YES;
				GCC_WARN_UNINITIALIZED_AUTOS = YES_AGGRESSIVE;
				GCC_WARN_UNUSED_FUNCTION = YES;
				GCC_WARN_UNUSED_VARIABLE = YES;
				IPHONEOS_DEPLOYMENT_TARGET = 14.5;
				MTL_ENABLE_DEBUG_INFO = NO;
				MTL_FAST_MATH = YES;
				SDKROOT = iphoneos;
				SWIFT_COMPILATION_MODE = wholemodule;
				SWIFT_OPTIMIZATION_LEVEL = "-O";
				VALIDATE_PRODUCT = YES;
			};
			name = Release;
		};
		225E64362738165E0040FB1A /* Debug */ = {
			isa = XCBuildConfiguration;
			baseConfigurationReference = B85699E72A69E4580ABB0C79 /* Pods-ShareKakeibo.debug.xcconfig */;
			buildSettings = {
				ASSETCATALOG_COMPILER_APPICON_NAME = AppIcon;
				ASSETCATALOG_COMPILER_GLOBAL_ACCENT_COLOR_NAME = AccentColor;
				CODE_SIGN_STYLE = Automatic;
				DEVELOPMENT_TEAM = Z898T9VB4G;
				INFOPLIST_FILE = ShareKakeibo/Info.plist;
				LD_RUNPATH_SEARCH_PATHS = (
					"$(inherited)",
					"@executable_path/Frameworks",
				);
				PRODUCT_BUNDLE_IDENTIFIER = com.tokoko.ShareKakeibo20211121;
				PRODUCT_NAME = "$(TARGET_NAME)";
				SWIFT_VERSION = 5.0;
				TARGETED_DEVICE_FAMILY = "1,2";
			};
			name = Debug;
		};
		225E64372738165E0040FB1A /* Release */ = {
			isa = XCBuildConfiguration;
			baseConfigurationReference = E9ECD0577AEFE068764042C1 /* Pods-ShareKakeibo.release.xcconfig */;
			buildSettings = {
				ASSETCATALOG_COMPILER_APPICON_NAME = AppIcon;
				ASSETCATALOG_COMPILER_GLOBAL_ACCENT_COLOR_NAME = AccentColor;
				CODE_SIGN_STYLE = Automatic;
				DEVELOPMENT_TEAM = Z898T9VB4G;
				INFOPLIST_FILE = ShareKakeibo/Info.plist;
				LD_RUNPATH_SEARCH_PATHS = (
					"$(inherited)",
					"@executable_path/Frameworks",
				);
				PRODUCT_BUNDLE_IDENTIFIER = com.tokoko.ShareKakeibo20211121;
				PRODUCT_NAME = "$(TARGET_NAME)";
				SWIFT_VERSION = 5.0;
				TARGETED_DEVICE_FAMILY = "1,2";
			};
			name = Release;
		};
/* End XCBuildConfiguration section */

/* Begin XCConfigurationList section */
		225E641C2738165D0040FB1A /* Build configuration list for PBXProject "ShareKakeibo" */ = {
			isa = XCConfigurationList;
			buildConfigurations = (
				225E64332738165E0040FB1A /* Debug */,
				225E64342738165E0040FB1A /* Release */,
			);
			defaultConfigurationIsVisible = 0;
			defaultConfigurationName = Release;
		};
		225E64352738165E0040FB1A /* Build configuration list for PBXNativeTarget "ShareKakeibo" */ = {
			isa = XCConfigurationList;
			buildConfigurations = (
				225E64362738165E0040FB1A /* Debug */,
				225E64372738165E0040FB1A /* Release */,
			);
			defaultConfigurationIsVisible = 0;
			defaultConfigurationName = Release;
		};
/* End XCConfigurationList section */
	};
	rootObject = 225E64192738165D0040FB1A /* Project object */;
}
