// !$*UTF8*$!
{
	archiveVersion = 1;
	classes = {
	};
	objectVersion = 51;
	objects = {

/* Begin PBXBuildFile section */
		2235ACD3275385CE00FC57DE /* LoadDBModel.swift in Sources */ = {isa = PBXBuildFile; fileRef = 2235ACD2275385CE00FC57DE /* LoadDBModel.swift */; };
		224A55EE274FFA41004589B5 /* AlertModel.swift in Sources */ = {isa = PBXBuildFile; fileRef = 224A55E6274FFA40004589B5 /* AlertModel.swift */; };
		224A55EF274FFA41004589B5 /* GraphModel.swift in Sources */ = {isa = PBXBuildFile; fileRef = 224A55E7274FFA40004589B5 /* GraphModel.swift */; };
		224A55F0274FFA41004589B5 /* AppDelegate.swift in Sources */ = {isa = PBXBuildFile; fileRef = 224A55E8274FFA40004589B5 /* AppDelegate.swift */; };
		224A55F1274FFA41004589B5 /* ButtonAnimatedModel.swift in Sources */ = {isa = PBXBuildFile; fileRef = 224A55E9274FFA40004589B5 /* ButtonAnimatedModel.swift */; };
		224A55F2274FFA41004589B5 /* LoginModel.swift in Sources */ = {isa = PBXBuildFile; fileRef = 224A55EA274FFA40004589B5 /* LoginModel.swift */; };
		224A55F3274FFA41004589B5 /* DateModel.swift in Sources */ = {isa = PBXBuildFile; fileRef = 224A55EB274FFA40004589B5 /* DateModel.swift */; };
		224A55F4274FFA41004589B5 /* SceneDelegate.swift in Sources */ = {isa = PBXBuildFile; fileRef = 224A55EC274FFA40004589B5 /* SceneDelegate.swift */; };
		224A55F5274FFA41004589B5 /* ChangeCommaModel.swift in Sources */ = {isa = PBXBuildFile; fileRef = 224A55ED274FFA41004589B5 /* ChangeCommaModel.swift */; };
		224A55F9274FFA4D004589B5 /* SendDBModel.swift in Sources */ = {isa = PBXBuildFile; fileRef = 224A55F6274FFA4D004589B5 /* SendDBModel.swift */; };
		224A55FB274FFA4D004589B5 /* EditDBModel.swift in Sources */ = {isa = PBXBuildFile; fileRef = 224A55F8274FFA4D004589B5 /* EditDBModel.swift */; };
		224A5603274FFA5D004589B5 /* MonthMyDetailsSets.swift in Sources */ = {isa = PBXBuildFile; fileRef = 224A55FC274FFA5C004589B5 /* MonthMyDetailsSets.swift */; };
		224A5604274FFA5D004589B5 /* UserSets.swift in Sources */ = {isa = PBXBuildFile; fileRef = 224A55FD274FFA5C004589B5 /* UserSets.swift */; };
		224A5605274FFA5D004589B5 /* GroupSets.swift in Sources */ = {isa = PBXBuildFile; fileRef = 224A55FE274FFA5C004589B5 /* GroupSets.swift */; };
		224A5606274FFA5D004589B5 /* UserSearchSets.swift in Sources */ = {isa = PBXBuildFile; fileRef = 224A55FF274FFA5C004589B5 /* UserSearchSets.swift */; };
		224A5607274FFA5D004589B5 /* SettlementSets.swift in Sources */ = {isa = PBXBuildFile; fileRef = 224A5600274FFA5C004589B5 /* SettlementSets.swift */; };
		224A5608274FFA5D004589B5 /* MonthGroupDetailsSets.swift in Sources */ = {isa = PBXBuildFile; fileRef = 224A5601274FFA5C004589B5 /* MonthGroupDetailsSets.swift */; };
		224A5609274FFA5D004589B5 /* NotificationSets.swift in Sources */ = {isa = PBXBuildFile; fileRef = 224A5602274FFA5D004589B5 /* NotificationSets.swift */; };
		224A561A274FFA79004589B5 /* RegisterViewController.swift in Sources */ = {isa = PBXBuildFile; fileRef = 224A5618274FFA79004589B5 /* RegisterViewController.swift */; };
		224A561B274FFA79004589B5 /* LoginViewController.swift in Sources */ = {isa = PBXBuildFile; fileRef = 224A5619274FFA79004589B5 /* LoginViewController.swift */; };
		224A5623274FFA87004589B5 /* NotificationViewController.swift in Sources */ = {isa = PBXBuildFile; fileRef = 224A561C274FFA87004589B5 /* NotificationViewController.swift */; };
		224A5624274FFA87004589B5 /* CreateGroupViewController.swift in Sources */ = {isa = PBXBuildFile; fileRef = 224A561D274FFA87004589B5 /* CreateGroupViewController.swift */; };
		224A5625274FFA87004589B5 /* NewGroupViewController.swift in Sources */ = {isa = PBXBuildFile; fileRef = 224A561E274FFA87004589B5 /* NewGroupViewController.swift */; };
		224A5626274FFA87004589B5 /* ProfileViewController.swift in Sources */ = {isa = PBXBuildFile; fileRef = 224A561F274FFA87004589B5 /* ProfileViewController.swift */; };
		224A5627274FFA87004589B5 /* SearchViewController.swift in Sources */ = {isa = PBXBuildFile; fileRef = 224A5620274FFA87004589B5 /* SearchViewController.swift */; };
		224A5628274FFA87004589B5 /* ProfileConfigurationViewController.swift in Sources */ = {isa = PBXBuildFile; fileRef = 224A5621274FFA87004589B5 /* ProfileConfigurationViewController.swift */; };
		224A5629274FFA87004589B5 /* ProfileDetailViewController.swift in Sources */ = {isa = PBXBuildFile; fileRef = 224A5622274FFA87004589B5 /* ProfileDetailViewController.swift */; };
		224A5644274FFAA6004589B5 /* FoodViewController.swift in Sources */ = {isa = PBXBuildFile; fileRef = 224A5640274FFAA6004589B5 /* FoodViewController.swift */; };
		224A5645274FFAA6004589B5 /* UtilityViewController.swift in Sources */ = {isa = PBXBuildFile; fileRef = 224A5641274FFAA6004589B5 /* UtilityViewController.swift */; };
		224A5646274FFAA6004589B5 /* OthersViewController.swift in Sources */ = {isa = PBXBuildFile; fileRef = 224A5642274FFAA6004589B5 /* OthersViewController.swift */; };
		224A5647274FFAA6004589B5 /* OverAllViewController.swift in Sources */ = {isa = PBXBuildFile; fileRef = 224A5643274FFAA6004589B5 /* OverAllViewController.swift */; };
		224A564C274FFAB4004589B5 /* DetailMyselfViewController.swift in Sources */ = {isa = PBXBuildFile; fileRef = 224A5648274FFAB4004589B5 /* DetailMyselfViewController.swift */; };
		224A564D274FFAB4004589B5 /* DetailAllViewController.swift in Sources */ = {isa = PBXBuildFile; fileRef = 224A5649274FFAB4004589B5 /* DetailAllViewController.swift */; };
		224A564E274FFAB4004589B5 /* DetailAllLastMonthViewController.swift in Sources */ = {isa = PBXBuildFile; fileRef = 224A564A274FFAB4004589B5 /* DetailAllLastMonthViewController.swift */; };
		224A564F274FFAB4004589B5 /* DetailMyselfLastMonthViewController.swift in Sources */ = {isa = PBXBuildFile; fileRef = 224A564B274FFAB4004589B5 /* DetailMyselfLastMonthViewController.swift */; };
		224A565B274FFEA3004589B5 /* GroupConfigurationViewController.swift in Sources */ = {isa = PBXBuildFile; fileRef = 224A5650274FFEA2004589B5 /* GroupConfigurationViewController.swift */; };
		224A565C274FFEA3004589B5 /* GroupDetailViewController.swift in Sources */ = {isa = PBXBuildFile; fileRef = 224A5651274FFEA2004589B5 /* GroupDetailViewController.swift */; };
		224A565D274FFEA3004589B5 /* MonthDataViewController.swift in Sources */ = {isa = PBXBuildFile; fileRef = 224A5652274FFEA2004589B5 /* MonthDataViewController.swift */; };
		224A565E274FFEA3004589B5 /* GroupMemberViewController.swift in Sources */ = {isa = PBXBuildFile; fileRef = 224A5653274FFEA2004589B5 /* GroupMemberViewController.swift */; };
		224A565F274FFEA3004589B5 /* MonthlyDataViewController.swift in Sources */ = {isa = PBXBuildFile; fileRef = 224A5654274FFEA2004589B5 /* MonthlyDataViewController.swift */; };
		224A5660274FFEA3004589B5 /* PaymentViewController.swift in Sources */ = {isa = PBXBuildFile; fileRef = 224A5655274FFEA2004589B5 /* PaymentViewController.swift */; };
		224A5661274FFEA3004589B5 /* LastMonthDataViewController.swift in Sources */ = {isa = PBXBuildFile; fileRef = 224A5656274FFEA2004589B5 /* LastMonthDataViewController.swift */; };
		224A5662274FFEA3004589B5 /* SettlementViewController.swift in Sources */ = {isa = PBXBuildFile; fileRef = 224A5657274FFEA2004589B5 /* SettlementViewController.swift */; };
		224A5663274FFEA3004589B5 /* AdditionViewController.swift in Sources */ = {isa = PBXBuildFile; fileRef = 224A5658274FFEA3004589B5 /* AdditionViewController.swift */; };
		224A5664274FFEA3004589B5 /* DetailLastMonthViewController.swift in Sources */ = {isa = PBXBuildFile; fileRef = 224A5659274FFEA3004589B5 /* DetailLastMonthViewController.swift */; };
		224A5665274FFEA3004589B5 /* DetailThisMonthViewController.swift in Sources */ = {isa = PBXBuildFile; fileRef = 224A565A274FFEA3004589B5 /* DetailThisMonthViewController.swift */; };
		224A566D274FFEE9004589B5 /* ProfileConfigurationCell.xib in Resources */ = {isa = PBXBuildFile; fileRef = 224A5666274FFEE9004589B5 /* ProfileConfigurationCell.xib */; };
		224A566E274FFEE9004589B5 /* Main.storyboard in Resources */ = {isa = PBXBuildFile; fileRef = 224A5667274FFEE9004589B5 /* Main.storyboard */; };
		224A566F274FFEE9004589B5 /* CollectionViewCell.swift in Sources */ = {isa = PBXBuildFile; fileRef = 224A5668274FFEE9004589B5 /* CollectionViewCell.swift */; };
		224A5670274FFEE9004589B5 /* DetailCell.swift in Sources */ = {isa = PBXBuildFile; fileRef = 224A5669274FFEE9004589B5 /* DetailCell.swift */; };
		224A5671274FFEE9004589B5 /* DetailCell.xib in Resources */ = {isa = PBXBuildFile; fileRef = 224A566A274FFEE9004589B5 /* DetailCell.xib */; };
		224A5672274FFEE9004589B5 /* ProfileConfigurationCell.swift in Sources */ = {isa = PBXBuildFile; fileRef = 224A566B274FFEE9004589B5 /* ProfileConfigurationCell.swift */; };
		224A5673274FFEE9004589B5 /* CollectionViewCell.xib in Resources */ = {isa = PBXBuildFile; fileRef = 224A566C274FFEE9004589B5 /* CollectionViewCell.xib */; };
		225E642E2738165E0040FB1A /* Assets.xcassets in Resources */ = {isa = PBXBuildFile; fileRef = 225E642D2738165E0040FB1A /* Assets.xcassets */; };
		225E64312738165E0040FB1A /* LaunchScreen.storyboard in Resources */ = {isa = PBXBuildFile; fileRef = 225E642F2738165E0040FB1A /* LaunchScreen.storyboard */; };
		225E643A273818630040FB1A /* GoogleService-Info.plist in Resources */ = {isa = PBXBuildFile; fileRef = 225E6439273818630040FB1A /* GoogleService-Info.plist */; };
		4B84650965713B51B234DA29 /* Pods_ShareKakeibo.framework in Frameworks */ = {isa = PBXBuildFile; fileRef = 37055A8E67BDC2AF04432771 /* Pods_ShareKakeibo.framework */; };
/* End PBXBuildFile section */

/* Begin PBXFileReference section */
		2235ACD2275385CE00FC57DE /* LoadDBModel.swift */ = {isa = PBXFileReference; fileEncoding = 4; lastKnownFileType = sourcecode.swift; path = LoadDBModel.swift; sourceTree = "<group>"; };
		224A55E6274FFA40004589B5 /* AlertModel.swift */ = {isa = PBXFileReference; fileEncoding = 4; lastKnownFileType = sourcecode.swift; path = AlertModel.swift; sourceTree = "<group>"; };
		224A55E7274FFA40004589B5 /* GraphModel.swift */ = {isa = PBXFileReference; fileEncoding = 4; lastKnownFileType = sourcecode.swift; path = GraphModel.swift; sourceTree = "<group>"; };
		224A55E8274FFA40004589B5 /* AppDelegate.swift */ = {isa = PBXFileReference; fileEncoding = 4; lastKnownFileType = sourcecode.swift; path = AppDelegate.swift; sourceTree = "<group>"; };
		224A55E9274FFA40004589B5 /* ButtonAnimatedModel.swift */ = {isa = PBXFileReference; fileEncoding = 4; lastKnownFileType = sourcecode.swift; path = ButtonAnimatedModel.swift; sourceTree = "<group>"; };
		224A55EA274FFA40004589B5 /* LoginModel.swift */ = {isa = PBXFileReference; fileEncoding = 4; lastKnownFileType = sourcecode.swift; path = LoginModel.swift; sourceTree = "<group>"; };
		224A55EB274FFA40004589B5 /* DateModel.swift */ = {isa = PBXFileReference; fileEncoding = 4; lastKnownFileType = sourcecode.swift; path = DateModel.swift; sourceTree = "<group>"; };
		224A55EC274FFA40004589B5 /* SceneDelegate.swift */ = {isa = PBXFileReference; fileEncoding = 4; lastKnownFileType = sourcecode.swift; path = SceneDelegate.swift; sourceTree = "<group>"; };
		224A55ED274FFA41004589B5 /* ChangeCommaModel.swift */ = {isa = PBXFileReference; fileEncoding = 4; lastKnownFileType = sourcecode.swift; path = ChangeCommaModel.swift; sourceTree = "<group>"; };
		224A55F6274FFA4D004589B5 /* SendDBModel.swift */ = {isa = PBXFileReference; fileEncoding = 4; lastKnownFileType = sourcecode.swift; path = SendDBModel.swift; sourceTree = "<group>"; };
		224A55F8274FFA4D004589B5 /* EditDBModel.swift */ = {isa = PBXFileReference; fileEncoding = 4; lastKnownFileType = sourcecode.swift; path = EditDBModel.swift; sourceTree = "<group>"; };
		224A55FC274FFA5C004589B5 /* MonthMyDetailsSets.swift */ = {isa = PBXFileReference; fileEncoding = 4; lastKnownFileType = sourcecode.swift; path = MonthMyDetailsSets.swift; sourceTree = "<group>"; };
		224A55FD274FFA5C004589B5 /* UserSets.swift */ = {isa = PBXFileReference; fileEncoding = 4; lastKnownFileType = sourcecode.swift; path = UserSets.swift; sourceTree = "<group>"; };
		224A55FE274FFA5C004589B5 /* GroupSets.swift */ = {isa = PBXFileReference; fileEncoding = 4; lastKnownFileType = sourcecode.swift; path = GroupSets.swift; sourceTree = "<group>"; };
		224A55FF274FFA5C004589B5 /* UserSearchSets.swift */ = {isa = PBXFileReference; fileEncoding = 4; lastKnownFileType = sourcecode.swift; path = UserSearchSets.swift; sourceTree = "<group>"; };
		224A5600274FFA5C004589B5 /* SettlementSets.swift */ = {isa = PBXFileReference; fileEncoding = 4; lastKnownFileType = sourcecode.swift; path = SettlementSets.swift; sourceTree = "<group>"; };
		224A5601274FFA5C004589B5 /* MonthGroupDetailsSets.swift */ = {isa = PBXFileReference; fileEncoding = 4; lastKnownFileType = sourcecode.swift; path = MonthGroupDetailsSets.swift; sourceTree = "<group>"; };
		224A5602274FFA5D004589B5 /* NotificationSets.swift */ = {isa = PBXFileReference; fileEncoding = 4; lastKnownFileType = sourcecode.swift; path = NotificationSets.swift; sourceTree = "<group>"; };
		224A5618274FFA79004589B5 /* RegisterViewController.swift */ = {isa = PBXFileReference; fileEncoding = 4; lastKnownFileType = sourcecode.swift; path = RegisterViewController.swift; sourceTree = "<group>"; };
		224A5619274FFA79004589B5 /* LoginViewController.swift */ = {isa = PBXFileReference; fileEncoding = 4; lastKnownFileType = sourcecode.swift; path = LoginViewController.swift; sourceTree = "<group>"; };
		224A561C274FFA87004589B5 /* NotificationViewController.swift */ = {isa = PBXFileReference; fileEncoding = 4; lastKnownFileType = sourcecode.swift; path = NotificationViewController.swift; sourceTree = "<group>"; };
		224A561D274FFA87004589B5 /* CreateGroupViewController.swift */ = {isa = PBXFileReference; fileEncoding = 4; lastKnownFileType = sourcecode.swift; path = CreateGroupViewController.swift; sourceTree = "<group>"; };
		224A561E274FFA87004589B5 /* NewGroupViewController.swift */ = {isa = PBXFileReference; fileEncoding = 4; lastKnownFileType = sourcecode.swift; path = NewGroupViewController.swift; sourceTree = "<group>"; };
		224A561F274FFA87004589B5 /* ProfileViewController.swift */ = {isa = PBXFileReference; fileEncoding = 4; lastKnownFileType = sourcecode.swift; path = ProfileViewController.swift; sourceTree = "<group>"; };
		224A5620274FFA87004589B5 /* SearchViewController.swift */ = {isa = PBXFileReference; fileEncoding = 4; lastKnownFileType = sourcecode.swift; path = SearchViewController.swift; sourceTree = "<group>"; };
		224A5621274FFA87004589B5 /* ProfileConfigurationViewController.swift */ = {isa = PBXFileReference; fileEncoding = 4; lastKnownFileType = sourcecode.swift; path = ProfileConfigurationViewController.swift; sourceTree = "<group>"; };
		224A5622274FFA87004589B5 /* ProfileDetailViewController.swift */ = {isa = PBXFileReference; fileEncoding = 4; lastKnownFileType = sourcecode.swift; path = ProfileDetailViewController.swift; sourceTree = "<group>"; };
		224A5640274FFAA6004589B5 /* FoodViewController.swift */ = {isa = PBXFileReference; fileEncoding = 4; lastKnownFileType = sourcecode.swift; path = FoodViewController.swift; sourceTree = "<group>"; };
		224A5641274FFAA6004589B5 /* UtilityViewController.swift */ = {isa = PBXFileReference; fileEncoding = 4; lastKnownFileType = sourcecode.swift; path = UtilityViewController.swift; sourceTree = "<group>"; };
		224A5642274FFAA6004589B5 /* OthersViewController.swift */ = {isa = PBXFileReference; fileEncoding = 4; lastKnownFileType = sourcecode.swift; path = OthersViewController.swift; sourceTree = "<group>"; };
		224A5643274FFAA6004589B5 /* OverAllViewController.swift */ = {isa = PBXFileReference; fileEncoding = 4; lastKnownFileType = sourcecode.swift; path = OverAllViewController.swift; sourceTree = "<group>"; };
		224A5648274FFAB4004589B5 /* DetailMyselfViewController.swift */ = {isa = PBXFileReference; fileEncoding = 4; lastKnownFileType = sourcecode.swift; path = DetailMyselfViewController.swift; sourceTree = "<group>"; };
		224A5649274FFAB4004589B5 /* DetailAllViewController.swift */ = {isa = PBXFileReference; fileEncoding = 4; lastKnownFileType = sourcecode.swift; path = DetailAllViewController.swift; sourceTree = "<group>"; };
		224A564A274FFAB4004589B5 /* DetailAllLastMonthViewController.swift */ = {isa = PBXFileReference; fileEncoding = 4; lastKnownFileType = sourcecode.swift; path = DetailAllLastMonthViewController.swift; sourceTree = "<group>"; };
		224A564B274FFAB4004589B5 /* DetailMyselfLastMonthViewController.swift */ = {isa = PBXFileReference; fileEncoding = 4; lastKnownFileType = sourcecode.swift; path = DetailMyselfLastMonthViewController.swift; sourceTree = "<group>"; };
		224A5650274FFEA2004589B5 /* GroupConfigurationViewController.swift */ = {isa = PBXFileReference; fileEncoding = 4; lastKnownFileType = sourcecode.swift; path = GroupConfigurationViewController.swift; sourceTree = "<group>"; };
		224A5651274FFEA2004589B5 /* GroupDetailViewController.swift */ = {isa = PBXFileReference; fileEncoding = 4; lastKnownFileType = sourcecode.swift; path = GroupDetailViewController.swift; sourceTree = "<group>"; };
		224A5652274FFEA2004589B5 /* MonthDataViewController.swift */ = {isa = PBXFileReference; fileEncoding = 4; lastKnownFileType = sourcecode.swift; path = MonthDataViewController.swift; sourceTree = "<group>"; };
		224A5653274FFEA2004589B5 /* GroupMemberViewController.swift */ = {isa = PBXFileReference; fileEncoding = 4; lastKnownFileType = sourcecode.swift; path = GroupMemberViewController.swift; sourceTree = "<group>"; };
		224A5654274FFEA2004589B5 /* MonthlyDataViewController.swift */ = {isa = PBXFileReference; fileEncoding = 4; lastKnownFileType = sourcecode.swift; path = MonthlyDataViewController.swift; sourceTree = "<group>"; };
		224A5655274FFEA2004589B5 /* PaymentViewController.swift */ = {isa = PBXFileReference; fileEncoding = 4; lastKnownFileType = sourcecode.swift; path = PaymentViewController.swift; sourceTree = "<group>"; };
		224A5656274FFEA2004589B5 /* LastMonthDataViewController.swift */ = {isa = PBXFileReference; fileEncoding = 4; lastKnownFileType = sourcecode.swift; path = LastMonthDataViewController.swift; sourceTree = "<group>"; };
		224A5657274FFEA2004589B5 /* SettlementViewController.swift */ = {isa = PBXFileReference; fileEncoding = 4; lastKnownFileType = sourcecode.swift; path = SettlementViewController.swift; sourceTree = "<group>"; };
		224A5658274FFEA3004589B5 /* AdditionViewController.swift */ = {isa = PBXFileReference; fileEncoding = 4; lastKnownFileType = sourcecode.swift; path = AdditionViewController.swift; sourceTree = "<group>"; };
		224A5659274FFEA3004589B5 /* DetailLastMonthViewController.swift */ = {isa = PBXFileReference; fileEncoding = 4; lastKnownFileType = sourcecode.swift; path = DetailLastMonthViewController.swift; sourceTree = "<group>"; };
		224A565A274FFEA3004589B5 /* DetailThisMonthViewController.swift */ = {isa = PBXFileReference; fileEncoding = 4; lastKnownFileType = sourcecode.swift; path = DetailThisMonthViewController.swift; sourceTree = "<group>"; };
		224A5666274FFEE9004589B5 /* ProfileConfigurationCell.xib */ = {isa = PBXFileReference; fileEncoding = 4; lastKnownFileType = file.xib; path = ProfileConfigurationCell.xib; sourceTree = "<group>"; };
		224A5667274FFEE9004589B5 /* Main.storyboard */ = {isa = PBXFileReference; fileEncoding = 4; lastKnownFileType = file.storyboard; path = Main.storyboard; sourceTree = "<group>"; };
		224A5668274FFEE9004589B5 /* CollectionViewCell.swift */ = {isa = PBXFileReference; fileEncoding = 4; lastKnownFileType = sourcecode.swift; path = CollectionViewCell.swift; sourceTree = "<group>"; };
		224A5669274FFEE9004589B5 /* DetailCell.swift */ = {isa = PBXFileReference; fileEncoding = 4; lastKnownFileType = sourcecode.swift; path = DetailCell.swift; sourceTree = "<group>"; };
		224A566A274FFEE9004589B5 /* DetailCell.xib */ = {isa = PBXFileReference; fileEncoding = 4; lastKnownFileType = file.xib; path = DetailCell.xib; sourceTree = "<group>"; };
		224A566B274FFEE9004589B5 /* ProfileConfigurationCell.swift */ = {isa = PBXFileReference; fileEncoding = 4; lastKnownFileType = sourcecode.swift; path = ProfileConfigurationCell.swift; sourceTree = "<group>"; };
		224A566C274FFEE9004589B5 /* CollectionViewCell.xib */ = {isa = PBXFileReference; fileEncoding = 4; lastKnownFileType = file.xib; path = CollectionViewCell.xib; sourceTree = "<group>"; };
		225E64212738165D0040FB1A /* ShareKakeibo.app */ = {isa = PBXFileReference; explicitFileType = wrapper.application; includeInIndex = 0; path = ShareKakeibo.app; sourceTree = BUILT_PRODUCTS_DIR; };
		225E642D2738165E0040FB1A /* Assets.xcassets */ = {isa = PBXFileReference; lastKnownFileType = folder.assetcatalog; path = Assets.xcassets; sourceTree = "<group>"; };
		225E64302738165E0040FB1A /* Base */ = {isa = PBXFileReference; lastKnownFileType = file.storyboard; name = Base; path = Base.lproj/LaunchScreen.storyboard; sourceTree = "<group>"; };
		225E64322738165E0040FB1A /* Info.plist */ = {isa = PBXFileReference; lastKnownFileType = text.plist.xml; path = Info.plist; sourceTree = "<group>"; };
		225E6439273818630040FB1A /* GoogleService-Info.plist */ = {isa = PBXFileReference; fileEncoding = 4; lastKnownFileType = text.plist.xml; path = "GoogleService-Info.plist"; sourceTree = "<group>"; };
		37055A8E67BDC2AF04432771 /* Pods_ShareKakeibo.framework */ = {isa = PBXFileReference; explicitFileType = wrapper.framework; includeInIndex = 0; path = Pods_ShareKakeibo.framework; sourceTree = BUILT_PRODUCTS_DIR; };
		B85699E72A69E4580ABB0C79 /* Pods-ShareKakeibo.debug.xcconfig */ = {isa = PBXFileReference; includeInIndex = 1; lastKnownFileType = text.xcconfig; name = "Pods-ShareKakeibo.debug.xcconfig"; path = "Target Support Files/Pods-ShareKakeibo/Pods-ShareKakeibo.debug.xcconfig"; sourceTree = "<group>"; };
		E9ECD0577AEFE068764042C1 /* Pods-ShareKakeibo.release.xcconfig */ = {isa = PBXFileReference; includeInIndex = 1; lastKnownFileType = text.xcconfig; name = "Pods-ShareKakeibo.release.xcconfig"; path = "Target Support Files/Pods-ShareKakeibo/Pods-ShareKakeibo.release.xcconfig"; sourceTree = "<group>"; };
/* End PBXFileReference section */

/* Begin PBXFrameworksBuildPhase section */
		225E641E2738165D0040FB1A /* Frameworks */ = {
			isa = PBXFrameworksBuildPhase;
			buildActionMask = 2147483647;
			files = (
				4B84650965713B51B234DA29 /* Pods_ShareKakeibo.framework in Frameworks */,
			);
			runOnlyForDeploymentPostprocessing = 0;
		};
/* End PBXFrameworksBuildPhase section */

/* Begin PBXGroup section */
		220556FA2738199C00B8C683 /* Model */ = {
			isa = PBXGroup;
			children = (
				224A55E6274FFA40004589B5 /* AlertModel.swift */,
				224A55E8274FFA40004589B5 /* AppDelegate.swift */,
				224A55E9274FFA40004589B5 /* ButtonAnimatedModel.swift */,
				224A55ED274FFA41004589B5 /* ChangeCommaModel.swift */,
				224A55EB274FFA40004589B5 /* DateModel.swift */,
				224A55E7274FFA40004589B5 /* GraphModel.swift */,
				224A55EA274FFA40004589B5 /* LoginModel.swift */,
				224A55EC274FFA40004589B5 /* SceneDelegate.swift */,
				22055701273819E500B8C683 /* loadModel */,
			);
			path = Model;
			sourceTree = "<group>";
		};
		22055701273819E500B8C683 /* loadModel */ = {
			isa = PBXGroup;
			children = (
				224A55F8274FFA4D004589B5 /* EditDBModel.swift */,
				2235ACD2275385CE00FC57DE /* LoadDBModel.swift */,
				224A55F6274FFA4D004589B5 /* SendDBModel.swift */,
				2205576527383A9000B8C683 /* DataSets */,
			);
			path = loadModel;
			sourceTree = "<group>";
		};
		2205571A27381A2C00B8C683 /* View */ = {
			isa = PBXGroup;
			children = (
				224A5668274FFEE9004589B5 /* CollectionViewCell.swift */,
				224A566C274FFEE9004589B5 /* CollectionViewCell.xib */,
				224A5669274FFEE9004589B5 /* DetailCell.swift */,
				224A566A274FFEE9004589B5 /* DetailCell.xib */,
				224A5667274FFEE9004589B5 /* Main.storyboard */,
				224A566B274FFEE9004589B5 /* ProfileConfigurationCell.swift */,
				224A5666274FFEE9004589B5 /* ProfileConfigurationCell.xib */,
			);
			path = View;
			sourceTree = "<group>";
		};
		2205572927381A7E00B8C683 /* Controller */ = {
			isa = PBXGroup;
			children = (
				224A5619274FFA79004589B5 /* LoginViewController.swift */,
				224A5618274FFA79004589B5 /* RegisterViewController.swift */,
				2205572E27381AC700B8C683 /* Profile */,
				221B871627482FAE0000122F /* Group */,
			);
			path = Controller;
			sourceTree = "<group>";
		};
		2205572E27381AC700B8C683 /* Profile */ = {
			isa = PBXGroup;
			children = (
				224A561D274FFA87004589B5 /* CreateGroupViewController.swift */,
				224A561E274FFA87004589B5 /* NewGroupViewController.swift */,
				224A561C274FFA87004589B5 /* NotificationViewController.swift */,
				224A5621274FFA87004589B5 /* ProfileConfigurationViewController.swift */,
				224A5622274FFA87004589B5 /* ProfileDetailViewController.swift */,
				224A561F274FFA87004589B5 /* ProfileViewController.swift */,
				224A5620274FFA87004589B5 /* SearchViewController.swift */,
			);
			path = Profile;
			sourceTree = "<group>";
		};
		2205575327381B3A00B8C683 /* PagingController */ = {
			isa = PBXGroup;
			children = (
				224A5640274FFAA6004589B5 /* FoodViewController.swift */,
				224A5642274FFAA6004589B5 /* OthersViewController.swift */,
				224A5643274FFAA6004589B5 /* OverAllViewController.swift */,
				224A5641274FFAA6004589B5 /* UtilityViewController.swift */,
				2205575C27381B6D00B8C683 /* DetailController */,
			);
			path = PagingController;
			sourceTree = "<group>";
		};
		2205575C27381B6D00B8C683 /* DetailController */ = {
			isa = PBXGroup;
			children = (
				224A564A274FFAB4004589B5 /* DetailAllLastMonthViewController.swift */,
				224A5649274FFAB4004589B5 /* DetailAllViewController.swift */,
				224A564B274FFAB4004589B5 /* DetailMyselfLastMonthViewController.swift */,
				224A5648274FFAB4004589B5 /* DetailMyselfViewController.swift */,
			);
			path = DetailController;
			sourceTree = "<group>";
		};
		2205576527383A9000B8C683 /* DataSets */ = {
			isa = PBXGroup;
			children = (
				224A55FE274FFA5C004589B5 /* GroupSets.swift */,
				224A5601274FFA5C004589B5 /* MonthGroupDetailsSets.swift */,
				224A55FC274FFA5C004589B5 /* MonthMyDetailsSets.swift */,
				224A5602274FFA5D004589B5 /* NotificationSets.swift */,
				224A5600274FFA5C004589B5 /* SettlementSets.swift */,
				224A55FF274FFA5C004589B5 /* UserSearchSets.swift */,
				224A55FD274FFA5C004589B5 /* UserSets.swift */,
			);
			path = DataSets;
			sourceTree = "<group>";
		};
		221B871627482FAE0000122F /* Group */ = {
			isa = PBXGroup;
			children = (
				224A5658274FFEA3004589B5 /* AdditionViewController.swift */,
				224A5659274FFEA3004589B5 /* DetailLastMonthViewController.swift */,
				224A565A274FFEA3004589B5 /* DetailThisMonthViewController.swift */,
				224A5650274FFEA2004589B5 /* GroupConfigurationViewController.swift */,
				224A5651274FFEA2004589B5 /* GroupDetailViewController.swift */,
				224A5653274FFEA2004589B5 /* GroupMemberViewController.swift */,
				224A5656274FFEA2004589B5 /* LastMonthDataViewController.swift */,
				224A5652274FFEA2004589B5 /* MonthDataViewController.swift */,
				224A5654274FFEA2004589B5 /* MonthlyDataViewController.swift */,
				224A5655274FFEA2004589B5 /* PaymentViewController.swift */,
				224A5657274FFEA2004589B5 /* SettlementViewController.swift */,
				2205575327381B3A00B8C683 /* PagingController */,
			);
			path = Group;
			sourceTree = "<group>";
		};
		225E64182738165D0040FB1A = {
			isa = PBXGroup;
			children = (
				225E64232738165D0040FB1A /* ShareKakeibo */,
				225E64222738165D0040FB1A /* Products */,
				4DD3C22550744A4E56EF9560 /* Pods */,
				96EB73442FF0FA85BA997E1F /* Frameworks */,
			);
			sourceTree = "<group>";
		};
		225E64222738165D0040FB1A /* Products */ = {
			isa = PBXGroup;
			children = (
				225E64212738165D0040FB1A /* ShareKakeibo.app */,
			);
			name = Products;
			sourceTree = "<group>";
		};
		225E64232738165D0040FB1A /* ShareKakeibo */ = {
			isa = PBXGroup;
			children = (
				220556FA2738199C00B8C683 /* Model */,
				2205571A27381A2C00B8C683 /* View */,
				2205572927381A7E00B8C683 /* Controller */,
				225E642D2738165E0040FB1A /* Assets.xcassets */,
				225E642F2738165E0040FB1A /* LaunchScreen.storyboard */,
				225E64322738165E0040FB1A /* Info.plist */,
				225E6439273818630040FB1A /* GoogleService-Info.plist */,
			);
			path = ShareKakeibo;
			sourceTree = "<group>";
		};
		4DD3C22550744A4E56EF9560 /* Pods */ = {
			isa = PBXGroup;
			children = (
				B85699E72A69E4580ABB0C79 /* Pods-ShareKakeibo.debug.xcconfig */,
				E9ECD0577AEFE068764042C1 /* Pods-ShareKakeibo.release.xcconfig */,
			);
			path = Pods;
			sourceTree = "<group>";
		};
		96EB73442FF0FA85BA997E1F /* Frameworks */ = {
			isa = PBXGroup;
			children = (
				37055A8E67BDC2AF04432771 /* Pods_ShareKakeibo.framework */,
			);
			name = Frameworks;
			sourceTree = "<group>";
		};
/* End PBXGroup section */

/* Begin PBXNativeTarget section */
		225E64202738165D0040FB1A /* ShareKakeibo */ = {
			isa = PBXNativeTarget;
			buildConfigurationList = 225E64352738165E0040FB1A /* Build configuration list for PBXNativeTarget "ShareKakeibo" */;
			buildPhases = (
				5758ABD9A5D98330C868E4B4 /* [CP] Check Pods Manifest.lock */,
				225E641D2738165D0040FB1A /* Sources */,
				225E641E2738165D0040FB1A /* Frameworks */,
				225E641F2738165D0040FB1A /* Resources */,
				1262A4474E194E7794355144 /* [CP] Embed Pods Frameworks */,
			);
			buildRules = (
			);
			dependencies = (
			);
			name = ShareKakeibo;
			productName = ShareKakeibo;
			productReference = 225E64212738165D0040FB1A /* ShareKakeibo.app */;
			productType = "com.apple.product-type.application";
		};
/* End PBXNativeTarget section */

/* Begin PBXProject section */
		225E64192738165D0040FB1A /* Project object */ = {
			isa = PBXProject;
			attributes = {
				LastSwiftUpdateCheck = 1250;
				LastUpgradeCheck = 1250;
				TargetAttributes = {
					225E64202738165D0040FB1A = {
						CreatedOnToolsVersion = 12.5.1;
						LastSwiftMigration = 1250;
					};
				};
			};
			buildConfigurationList = 225E641C2738165D0040FB1A /* Build configuration list for PBXProject "ShareKakeibo" */;
			compatibilityVersion = "Xcode 9.3";
			developmentRegion = en;
			hasScannedForEncodings = 0;
			knownRegions = (
				en,
				Base,
			);
			mainGroup = 225E64182738165D0040FB1A;
			productRefGroup = 225E64222738165D0040FB1A /* Products */;
			projectDirPath = "";
			projectRoot = "";
			targets = (
				225E64202738165D0040FB1A /* ShareKakeibo */,
			);
		};
/* End PBXProject section */

/* Begin PBXResourcesBuildPhase section */
		225E641F2738165D0040FB1A /* Resources */ = {
			isa = PBXResourcesBuildPhase;
			buildActionMask = 2147483647;
			files = (
				225E64312738165E0040FB1A /* LaunchScreen.storyboard in Resources */,
				224A5673274FFEE9004589B5 /* CollectionViewCell.xib in Resources */,
				224A566E274FFEE9004589B5 /* Main.storyboard in Resources */,
				224A5671274FFEE9004589B5 /* DetailCell.xib in Resources */,
				225E643A273818630040FB1A /* GoogleService-Info.plist in Resources */,
				224A566D274FFEE9004589B5 /* ProfileConfigurationCell.xib in Resources */,
				225E642E2738165E0040FB1A /* Assets.xcassets in Resources */,
			);
			runOnlyForDeploymentPostprocessing = 0;
		};
/* End PBXResourcesBuildPhase section */

/* Begin PBXShellScriptBuildPhase section */
		1262A4474E194E7794355144 /* [CP] Embed Pods Frameworks */ = {
			isa = PBXShellScriptBuildPhase;
			buildActionMask = 2147483647;
			files = (
			);
			inputFileListPaths = (
				"${PODS_ROOT}/Target Support Files/Pods-ShareKakeibo/Pods-ShareKakeibo-frameworks-${CONFIGURATION}-input-files.xcfilelist",
			);
			name = "[CP] Embed Pods Frameworks";
			outputFileListPaths = (
				"${PODS_ROOT}/Target Support Files/Pods-ShareKakeibo/Pods-ShareKakeibo-frameworks-${CONFIGURATION}-output-files.xcfilelist",
			);
			runOnlyForDeploymentPostprocessing = 0;
			shellPath = /bin/sh;
			shellScript = "\"${PODS_ROOT}/Target Support Files/Pods-ShareKakeibo/Pods-ShareKakeibo-frameworks.sh\"\n";
			showEnvVarsInLog = 0;
		};
		5758ABD9A5D98330C868E4B4 /* [CP] Check Pods Manifest.lock */ = {
			isa = PBXShellScriptBuildPhase;
			buildActionMask = 2147483647;
			files = (
			);
			inputFileListPaths = (
			);
			inputPaths = (
				"${PODS_PODFILE_DIR_PATH}/Podfile.lock",
				"${PODS_ROOT}/Manifest.lock",
			);
			name = "[CP] Check Pods Manifest.lock";
			outputFileListPaths = (
			);
			outputPaths = (
				"$(DERIVED_FILE_DIR)/Pods-ShareKakeibo-checkManifestLockResult.txt",
			);
			runOnlyForDeploymentPostprocessing = 0;
			shellPath = /bin/sh;
			shellScript = "diff \"${PODS_PODFILE_DIR_PATH}/Podfile.lock\" \"${PODS_ROOT}/Manifest.lock\" > /dev/null\nif [ $? != 0 ] ; then\n    # print error to STDERR\n    echo \"error: The sandbox is not in sync with the Podfile.lock. Run 'pod install' or update your CocoaPods installation.\" >&2\n    exit 1\nfi\n# This output is used by Xcode 'outputs' to avoid re-running this script phase.\necho \"SUCCESS\" > \"${SCRIPT_OUTPUT_FILE_0}\"\n";
			showEnvVarsInLog = 0;
		};
/* End PBXShellScriptBuildPhase section */

/* Begin PBXSourcesBuildPhase section */
		225E641D2738165D0040FB1A /* Sources */ = {
			isa = PBXSourcesBuildPhase;
			buildActionMask = 2147483647;
			files = (
				224A5661274FFEA3004589B5 /* LastMonthDataViewController.swift in Sources */,
				224A55F0274FFA41004589B5 /* AppDelegate.swift in Sources */,
				224A55EE274FFA41004589B5 /* AlertModel.swift in Sources */,
				224A5623274FFA87004589B5 /* NotificationViewController.swift in Sources */,
				224A5607274FFA5D004589B5 /* SettlementSets.swift in Sources */,
				224A564E274FFAB4004589B5 /* DetailAllLastMonthViewController.swift in Sources */,
				224A565F274FFEA3004589B5 /* MonthlyDataViewController.swift in Sources */,
				224A5627274FFA87004589B5 /* SearchViewController.swift in Sources */,
				224A5609274FFA5D004589B5 /* NotificationSets.swift in Sources */,
				2235ACD3275385CE00FC57DE /* LoadDBModel.swift in Sources */,
				224A5628274FFA87004589B5 /* ProfileConfigurationViewController.swift in Sources */,
				224A5629274FFA87004589B5 /* ProfileDetailViewController.swift in Sources */,
				224A565C274FFEA3004589B5 /* GroupDetailViewController.swift in Sources */,
				224A564D274FFAB4004589B5 /* DetailAllViewController.swift in Sources */,
				224A564F274FFAB4004589B5 /* DetailMyselfLastMonthViewController.swift in Sources */,
				224A5670274FFEE9004589B5 /* DetailCell.swift in Sources */,
				224A5644274FFAA6004589B5 /* FoodViewController.swift in Sources */,
				224A55F2274FFA41004589B5 /* LoginModel.swift in Sources */,
				224A561B274FFA79004589B5 /* LoginViewController.swift in Sources */,
				224A55F3274FFA41004589B5 /* DateModel.swift in Sources */,
				224A5604274FFA5D004589B5 /* UserSets.swift in Sources */,
				224A565D274FFEA3004589B5 /* MonthDataViewController.swift in Sources */,
				224A564C274FFAB4004589B5 /* DetailMyselfViewController.swift in Sources */,
				224A5672274FFEE9004589B5 /* ProfileConfigurationCell.swift in Sources */,
				224A565E274FFEA3004589B5 /* GroupMemberViewController.swift in Sources */,
				224A5645274FFAA6004589B5 /* UtilityViewController.swift in Sources */,
				224A55FB274FFA4D004589B5 /* EditDBModel.swift in Sources */,
				224A55F4274FFA41004589B5 /* SceneDelegate.swift in Sources */,
				224A55F5274FFA41004589B5 /* ChangeCommaModel.swift in Sources */,
				224A5647274FFAA6004589B5 /* OverAllViewController.swift in Sources */,
				224A561A274FFA79004589B5 /* RegisterViewController.swift in Sources */,
				224A5624274FFA87004589B5 /* CreateGroupViewController.swift in Sources */,
				224A5608274FFA5D004589B5 /* MonthGroupDetailsSets.swift in Sources */,
				224A566F274FFEE9004589B5 /* CollectionViewCell.swift in Sources */,
				224A55F1274FFA41004589B5 /* ButtonAnimatedModel.swift in Sources */,
				224A5665274FFEA3004589B5 /* DetailThisMonthViewController.swift in Sources */,
				224A5606274FFA5D004589B5 /* UserSearchSets.swift in Sources */,
				224A565B274FFEA3004589B5 /* GroupConfigurationViewController.swift in Sources */,
				224A5646274FFAA6004589B5 /* OthersViewController.swift in Sources */,
				224A55F9274FFA4D004589B5 /* SendDBModel.swift in Sources */,
				224A5663274FFEA3004589B5 /* AdditionViewController.swift in Sources */,
				224A5626274FFA87004589B5 /* ProfileViewController.swift in Sources */,
				224A5660274FFEA3004589B5 /* PaymentViewController.swift in Sources */,
				224A5664274FFEA3004589B5 /* DetailLastMonthViewController.swift in Sources */,
				224A5605274FFA5D004589B5 /* GroupSets.swift in Sources */,
				224A5625274FFA87004589B5 /* NewGroupViewController.swift in Sources */,
				224A5603274FFA5D004589B5 /* MonthMyDetailsSets.swift in Sources */,
				224A55EF274FFA41004589B5 /* GraphModel.swift in Sources */,
				224A5662274FFEA3004589B5 /* SettlementViewController.swift in Sources */,
			);
			runOnlyForDeploymentPostprocessing = 0;
		};
/* End PBXSourcesBuildPhase section */

/* Begin PBXVariantGroup section */
		225E642F2738165E0040FB1A /* LaunchScreen.storyboard */ = {
			isa = PBXVariantGroup;
			children = (
				225E64302738165E0040FB1A /* Base */,
			);
			name = LaunchScreen.storyboard;
			sourceTree = "<group>";
		};
/* End PBXVariantGroup section */

/* Begin XCBuildConfiguration section */
		225E64332738165E0040FB1A /* Debug */ = {
			isa = XCBuildConfiguration;
			buildSettings = {
				ALWAYS_SEARCH_USER_PATHS = NO;
				CLANG_ANALYZER_NONNULL = YES;
				CLANG_ANALYZER_NUMBER_OBJECT_CONVERSION = YES_AGGRESSIVE;
				CLANG_CXX_LANGUAGE_STANDARD = "gnu++14";
				CLANG_CXX_LIBRARY = "libc++";
				CLANG_ENABLE_MODULES = YES;
				CLANG_ENABLE_OBJC_ARC = YES;
				CLANG_ENABLE_OBJC_WEAK = YES;
				CLANG_WARN_BLOCK_CAPTURE_AUTORELEASING = YES;
				CLANG_WARN_BOOL_CONVERSION = YES;
				CLANG_WARN_COMMA = YES;
				CLANG_WARN_CONSTANT_CONVERSION = YES;
				CLANG_WARN_DEPRECATED_OBJC_IMPLEMENTATIONS = YES;
				CLANG_WARN_DIRECT_OBJC_ISA_USAGE = YES_ERROR;
				CLANG_WARN_DOCUMENTATION_COMMENTS = YES;
				CLANG_WARN_EMPTY_BODY = YES;
				CLANG_WARN_ENUM_CONVERSION = YES;
				CLANG_WARN_INFINITE_RECURSION = YES;
				CLANG_WARN_INT_CONVERSION = YES;
				CLANG_WARN_NON_LITERAL_NULL_CONVERSION = YES;
				CLANG_WARN_OBJC_IMPLICIT_RETAIN_SELF = YES;
				CLANG_WARN_OBJC_LITERAL_CONVERSION = YES;
				CLANG_WARN_OBJC_ROOT_CLASS = YES_ERROR;
				CLANG_WARN_QUOTED_INCLUDE_IN_FRAMEWORK_HEADER = YES;
				CLANG_WARN_RANGE_LOOP_ANALYSIS = YES;
				CLANG_WARN_STRICT_PROTOTYPES = YES;
				CLANG_WARN_SUSPICIOUS_MOVE = YES;
				CLANG_WARN_UNGUARDED_AVAILABILITY = YES_AGGRESSIVE;
				CLANG_WARN_UNREACHABLE_CODE = YES;
				CLANG_WARN__DUPLICATE_METHOD_MATCH = YES;
				COPY_PHASE_STRIP = NO;
				DEBUG_INFORMATION_FORMAT = dwarf;
				ENABLE_STRICT_OBJC_MSGSEND = YES;
				ENABLE_TESTABILITY = YES;
				GCC_C_LANGUAGE_STANDARD = gnu11;
				GCC_DYNAMIC_NO_PIC = NO;
				GCC_NO_COMMON_BLOCKS = YES;
				GCC_OPTIMIZATION_LEVEL = 0;
				GCC_PREPROCESSOR_DEFINITIONS = (
					"DEBUG=1",
					"$(inherited)",
				);
				GCC_WARN_64_TO_32_BIT_CONVERSION = YES;
				GCC_WARN_ABOUT_RETURN_TYPE = YES_ERROR;
				GCC_WARN_UNDECLARED_SELECTOR = YES;
				GCC_WARN_UNINITIALIZED_AUTOS = YES_AGGRESSIVE;
				GCC_WARN_UNUSED_FUNCTION = YES;
				GCC_WARN_UNUSED_VARIABLE = YES;
				IPHONEOS_DEPLOYMENT_TARGET = 14.5;
				MTL_ENABLE_DEBUG_INFO = INCLUDE_SOURCE;
				MTL_FAST_MATH = YES;
				ONLY_ACTIVE_ARCH = YES;
				SDKROOT = iphoneos;
				SWIFT_ACTIVE_COMPILATION_CONDITIONS = DEBUG;
				SWIFT_OPTIMIZATION_LEVEL = "-Onone";
			};
			name = Debug;
		};
		225E64342738165E0040FB1A /* Release */ = {
			isa = XCBuildConfiguration;
			buildSettings = {
				ALWAYS_SEARCH_USER_PATHS = NO;
				CLANG_ANALYZER_NONNULL = YES;
				CLANG_ANALYZER_NUMBER_OBJECT_CONVERSION = YES_AGGRESSIVE;
				CLANG_CXX_LANGUAGE_STANDARD = "gnu++14";
				CLANG_CXX_LIBRARY = "libc++";
				CLANG_ENABLE_MODULES = YES;
				CLANG_ENABLE_OBJC_ARC = YES;
				CLANG_ENABLE_OBJC_WEAK = YES;
				CLANG_WARN_BLOCK_CAPTURE_AUTORELEASING = YES;
				CLANG_WARN_BOOL_CONVERSION = YES;
				CLANG_WARN_COMMA = YES;
				CLANG_WARN_CONSTANT_CONVERSION = YES;
				CLANG_WARN_DEPRECATED_OBJC_IMPLEMENTATIONS = YES;
				CLANG_WARN_DIRECT_OBJC_ISA_USAGE = YES_ERROR;
				CLANG_WARN_DOCUMENTATION_COMMENTS = YES;
				CLANG_WARN_EMPTY_BODY = YES;
				CLANG_WARN_ENUM_CONVERSION = YES;
				CLANG_WARN_INFINITE_RECURSION = YES;
				CLANG_WARN_INT_CONVERSION = YES;
				CLANG_WARN_NON_LITERAL_NULL_CONVERSION = YES;
				CLANG_WARN_OBJC_IMPLICIT_RETAIN_SELF = YES;
				CLANG_WARN_OBJC_LITERAL_CONVERSION = YES;
				CLANG_WARN_OBJC_ROOT_CLASS = YES_ERROR;
				CLANG_WARN_QUOTED_INCLUDE_IN_FRAMEWORK_HEADER = YES;
				CLANG_WARN_RANGE_LOOP_ANALYSIS = YES;
				CLANG_WARN_STRICT_PROTOTYPES = YES;
				CLANG_WARN_SUSPICIOUS_MOVE = YES;
				CLANG_WARN_UNGUARDED_AVAILABILITY = YES_AGGRESSIVE;
				CLANG_WARN_UNREACHABLE_CODE = YES;
				CLANG_WARN__DUPLICATE_METHOD_MATCH = YES;
				COPY_PHASE_STRIP = NO;
				DEBUG_INFORMATION_FORMAT = "dwarf-with-dsym";
				ENABLE_NS_ASSERTIONS = NO;
				ENABLE_STRICT_OBJC_MSGSEND = YES;
				GCC_C_LANGUAGE_STANDARD = gnu11;
				GCC_NO_COMMON_BLOCKS = YES;
				GCC_WARN_64_TO_32_BIT_CONVERSION = YES;
				GCC_WARN_ABOUT_RETURN_TYPE = YES_ERROR;
				GCC_WARN_UNDECLARED_SELECTOR = YES;
				GCC_WARN_UNINITIALIZED_AUTOS = YES_AGGRESSIVE;
				GCC_WARN_UNUSED_FUNCTION = YES;
				GCC_WARN_UNUSED_VARIABLE = YES;
				IPHONEOS_DEPLOYMENT_TARGET = 14.5;
				MTL_ENABLE_DEBUG_INFO = NO;
				MTL_FAST_MATH = YES;
				SDKROOT = iphoneos;
				SWIFT_COMPILATION_MODE = wholemodule;
				SWIFT_OPTIMIZATION_LEVEL = "-O";
				VALIDATE_PRODUCT = YES;
			};
			name = Release;
		};
		225E64362738165E0040FB1A /* Debug */ = {
			isa = XCBuildConfiguration;
			baseConfigurationReference = B85699E72A69E4580ABB0C79 /* Pods-ShareKakeibo.debug.xcconfig */;
			buildSettings = {
				ASSETCATALOG_COMPILER_APPICON_NAME = AppIcon;
				ASSETCATALOG_COMPILER_GLOBAL_ACCENT_COLOR_NAME = AccentColor;
				CLANG_ENABLE_MODULES = YES;
				CODE_SIGN_STYLE = Automatic;
				DEVELOPMENT_TEAM = Z898T9VB4G;
				INFOPLIST_FILE = ShareKakeibo/Info.plist;
				LD_RUNPATH_SEARCH_PATHS = (
					"$(inherited)",
					"@executable_path/Frameworks",
				);
				PRODUCT_BUNDLE_IDENTIFIER = com.tokoko.ShareKakeibo20211121;
				PRODUCT_NAME = "$(TARGET_NAME)";
				SWIFT_OPTIMIZATION_LEVEL = "-Onone";
				SWIFT_VERSION = 5.0;
				TARGETED_DEVICE_FAMILY = "1,2";
			};
			name = Debug;
		};
		225E64372738165E0040FB1A /* Release */ = {
			isa = XCBuildConfiguration;
			baseConfigurationReference = E9ECD0577AEFE068764042C1 /* Pods-ShareKakeibo.release.xcconfig */;
			buildSettings = {
				ASSETCATALOG_COMPILER_APPICON_NAME = AppIcon;
				ASSETCATALOG_COMPILER_GLOBAL_ACCENT_COLOR_NAME = AccentColor;
				CLANG_ENABLE_MODULES = YES;
				CODE_SIGN_STYLE = Automatic;
				DEVELOPMENT_TEAM = Z898T9VB4G;
				INFOPLIST_FILE = ShareKakeibo/Info.plist;
				LD_RUNPATH_SEARCH_PATHS = (
					"$(inherited)",
					"@executable_path/Frameworks",
				);
				PRODUCT_BUNDLE_IDENTIFIER = com.tokoko.ShareKakeibo20211121;
				PRODUCT_NAME = "$(TARGET_NAME)";
				SWIFT_VERSION = 5.0;
				TARGETED_DEVICE_FAMILY = "1,2";
			};
			name = Release;
		};
/* End XCBuildConfiguration section */

/* Begin XCConfigurationList section */
		225E641C2738165D0040FB1A /* Build configuration list for PBXProject "ShareKakeibo" */ = {
			isa = XCConfigurationList;
			buildConfigurations = (
				225E64332738165E0040FB1A /* Debug */,
				225E64342738165E0040FB1A /* Release */,
			);
			defaultConfigurationIsVisible = 0;
			defaultConfigurationName = Release;
		};
		225E64352738165E0040FB1A /* Build configuration list for PBXNativeTarget "ShareKakeibo" */ = {
			isa = XCConfigurationList;
			buildConfigurations = (
				225E64362738165E0040FB1A /* Debug */,
				225E64372738165E0040FB1A /* Release */,
			);
			defaultConfigurationIsVisible = 0;
			defaultConfigurationName = Release;
		};
/* End XCConfigurationList section */
	};
	rootObject = 225E64192738165D0040FB1A /* Project object */;
}
